
Microsoft Visual Studio Solution File, Format Version 12.00
# Visual Studio Version 17
VisualStudioVersion = 17.0.31903.59
MinimumVisualStudioVersion = 10.0.40219.1
Project("{9A19103F-16F7-4668-BE54-9A1E7A4F7556}") = "Helpers.Common", "Helpers.Common\Helpers.Common.csproj", "{8A0C923C-223C-4784-9F2B-B7A63D9347BC}"
EndProject
Project("{9A19103F-16F7-4668-BE54-9A1E7A4F7556}") = "Helpers.Common.Tests", "Helpers.Common.Tests\Helpers.Common.Tests.csproj", "{E2A09D1D-E054-4F8C-9003-CBF0E22D6471}"
EndProject
Project("{9A19103F-16F7-4668-BE54-9A1E7A4F7556}") = "Helpers.Elgato", "Helpers.Elgato\Helpers.Elgato.csproj", "{1147A9FB-C869-4DBB-9D61-DBBBAF33A442}"
EndProject
Project("{9A19103F-16F7-4668-BE54-9A1E7A4F7556}") = "Helpers.Elgato.Tests", "Helpers.Elgato.Tests\Helpers.Elgato.Tests.csproj", "{A8D78E6A-8CF3-455A-A75B-C53DB7B44FCF}"
EndProject
Project("{9A19103F-16F7-4668-BE54-9A1E7A4F7556}") = "Helpers.GitHub", "Helpers.GitHub\Helpers.GitHub.csproj", "{892BDC58-5E53-4E8D-A547-0260378135A3}"
EndProject
Project("{9A19103F-16F7-4668-BE54-9A1E7A4F7556}") = "Helpers.GitHub.Tests", "Helpers.GitHub.Tests\Helpers.GitHub.Tests.csproj", "{7B2456CA-AC1A-4370-AB8A-CC424C42EC86}"
EndProject
Project("{9A19103F-16F7-4668-BE54-9A1E7A4F7556}") = "Helpers.GlobalCache", "Helpers.GlobalCache\Helpers.GlobalCache.csproj", "{6083F279-BEA0-4E0A-BB94-19A034AC3D78}"
EndProject
Project("{9A19103F-16F7-4668-BE54-9A1E7A4F7556}") = "Helpers.GlobalCache.Tests", "Helpers.GlobalCache.Tests\Helpers.GlobalCache.Tests.csproj", "{19A2E8BE-1656-40F2-93E5-8077068B4040}"
EndProject
Project("{9A19103F-16F7-4668-BE54-9A1E7A4F7556}") = "Helpers.Jaeger", "Helpers.Jaeger\Helpers.Jaeger.csproj", "{353F0BAE-9D15-492A-ADD1-F3F8E64D5CF2}"
EndProject
Project("{9A19103F-16F7-4668-BE54-9A1E7A4F7556}") = "Helpers.Jaeger.Tests", "Helpers.Jaeger.Tests\Helpers.Jaeger.Tests.csproj", "{BF8A89F0-F3C4-40D7-95B3-075DFB60FF2A}"
EndProject
Project("{9A19103F-16F7-4668-BE54-9A1E7A4F7556}") = "Helpers.Json", "Helpers.Json\Helpers.Json.csproj", "{21D9C748-DCAA-4CA1-907C-F6FB71B5C4CC}"
EndProject
Project("{9A19103F-16F7-4668-BE54-9A1E7A4F7556}") = "Helpers.Json.Tests", "Helpers.Json.Tests\Helpers.Json.Tests.csproj", "{C2584F63-88C4-4254-83C3-5F882A478B5B}"
EndProject
Project("{9A19103F-16F7-4668-BE54-9A1E7A4F7556}") = "Helpers.Jwt", "Helpers.Jwt\Helpers.Jwt.csproj", "{263692BA-A116-46E8-99C1-DA848C3B201B}"
EndProject
Project("{9A19103F-16F7-4668-BE54-9A1E7A4F7556}") = "Helpers.Jwt.Tests", "Helpers.Jwt.Tests\Helpers.Jwt.Tests.csproj", "{493BD8B2-BCE8-49CB-A2C9-75608713B30A}"
EndProject
Project("{9A19103F-16F7-4668-BE54-9A1E7A4F7556}") = "Helpers.MySql", "Helpers.MySql\Helpers.MySql.csproj", "{1617D574-F153-4F24-A6F9-60CC0FFE35CE}"
EndProject
Project("{9A19103F-16F7-4668-BE54-9A1E7A4F7556}") = "Helpers.MySql.Tests", "Helpers.MySql.Tests\Helpers.MySql.Tests.csproj", "{CF7ADB3C-007A-4128-BAD3-BC7321BF355F}"
EndProject
Project("{9A19103F-16F7-4668-BE54-9A1E7A4F7556}") = "Helpers.Networking", "Helpers.Networking\Helpers.Networking.csproj", "{17EDCC5F-C4E0-48F9-AF60-EDA189E79ED4}"
EndProject
Project("{9A19103F-16F7-4668-BE54-9A1E7A4F7556}") = "Helpers.Networking.Models", "Helpers.Networking.Models\Helpers.Networking.Models.csproj", "{DB4DFBD5-EF40-41AF-9A74-94FABD3E0899}"
EndProject
Project("{9A19103F-16F7-4668-BE54-9A1E7A4F7556}") = "Helpers.Networking.Models.Tests", "Helpers.Networking.Models.Tests\Helpers.Networking.Models.Tests.csproj", "{46A88DFB-093E-4B0B-A050-1DBBAD59A0CB}"
EndProject
Project("{9A19103F-16F7-4668-BE54-9A1E7A4F7556}") = "Helpers.Networking.Tests", "Helpers.Networking.Tests\Helpers.Networking.Tests.csproj", "{5D511434-8631-4D44-BE04-9702912CC894}"
EndProject
Project("{9A19103F-16F7-4668-BE54-9A1E7A4F7556}") = "Helpers.OldhamCouncil", "Helpers.OldhamCouncil\Helpers.OldhamCouncil.csproj", "{A8B4067D-BAAC-43C2-B5D7-6E07AFF414C0}"
EndProject
Project("{9A19103F-16F7-4668-BE54-9A1E7A4F7556}") = "Helpers.OldhamCouncil.Tests", "Helpers.OldhamCouncil.Tests\Helpers.OldhamCouncil.Tests.csproj", "{E29D2565-F89D-4301-AD9B-986C56331737}"
EndProject
Project("{9A19103F-16F7-4668-BE54-9A1E7A4F7556}") = "Helpers.OpenWrt", "Helpers.OpenWrt\Helpers.OpenWrt.csproj", "{5AE9F391-4E95-4176-BDE6-4EDD588BF0CE}"
EndProject
Project("{9A19103F-16F7-4668-BE54-9A1E7A4F7556}") = "Helpers.OpenWrt.Tests", "Helpers.OpenWrt.Tests\Helpers.OpenWrt.Tests.csproj", "{4042ED09-A285-402B-AB4C-BA6EF26A0BC1}"
EndProject
Project("{9A19103F-16F7-4668-BE54-9A1E7A4F7556}") = "Helpers.PeeringDB.Tests", "Helpers.PeeringDB.Tests\Helpers.PeeringDB.Tests.csproj", "{83C6AE8C-7DBE-4D1E-B84F-81F88F9AD644}"
EndProject
Project("{9A19103F-16F7-4668-BE54-9A1E7A4F7556}") = "Helpers.Phasmophobia", "Helpers.Phasmophobia\Helpers.Phasmophobia.csproj", "{C939C83C-FB75-475A-A24F-3B5EDB9F90DF}"
EndProject
Project("{9A19103F-16F7-4668-BE54-9A1E7A4F7556}") = "Helpers.RabbitMQ", "Helpers.RabbitMQ\Helpers.RabbitMQ.csproj", "{353248AD-DC50-471E-A7C5-FD68A5D98499}"
EndProject
Project("{9A19103F-16F7-4668-BE54-9A1E7A4F7556}") = "Helpers.RabbitMQ.Tests", "Helpers.RabbitMQ.Tests\Helpers.RabbitMQ.Tests.csproj", "{524F3F6B-857D-4864-9456-A55EE81D6245}"
EndProject
Project("{9A19103F-16F7-4668-BE54-9A1E7A4F7556}") = "Helpers.Reddit", "Helpers.Reddit\Helpers.Reddit.csproj", "{ACEFBF40-E892-4AB9-A164-C710DF58F108}"
EndProject
Project("{9A19103F-16F7-4668-BE54-9A1E7A4F7556}") = "Helpers.Reddit.Models", "Helpers.Reddit.Models\Helpers.Reddit.Models.csproj", "{D4E0B2B3-F6E3-4C15-A4D2-433D438E44B1}"
EndProject
Project("{9A19103F-16F7-4668-BE54-9A1E7A4F7556}") = "Helpers.Reddit.Models.Tests", "Helpers.Reddit.Models.Tests\Helpers.Reddit.Models.Tests.csproj", "{25A25091-1634-4B91-BA9A-3488DF24EBFC}"
EndProject
Project("{9A19103F-16F7-4668-BE54-9A1E7A4F7556}") = "Helpers.Reddit.Tests", "Helpers.Reddit.Tests\Helpers.Reddit.Tests.csproj", "{396C918D-B11B-4516-BAE1-1B961D4F5108}"
EndProject
Project("{9A19103F-16F7-4668-BE54-9A1E7A4F7556}") = "Helpers.SSH", "Helpers.SSH\Helpers.SSH.csproj", "{6764EB5A-CBE0-4CFB-95AC-F936D5D2753F}"
EndProject
Project("{9A19103F-16F7-4668-BE54-9A1E7A4F7556}") = "Helpers.SSH.Tests", "Helpers.SSH.Tests\Helpers.SSH.Tests.csproj", "{E7722BEE-DE00-457A-92E7-217DE5C86639}"
EndProject
Project("{9A19103F-16F7-4668-BE54-9A1E7A4F7556}") = "Helpers.Telegram", "Helpers.Telegram\Helpers.Telegram.csproj", "{9BBDFB8B-9723-4573-AC6F-277318C258B3}"
EndProject
Project("{9A19103F-16F7-4668-BE54-9A1E7A4F7556}") = "Helpers.Telegram.Models", "Helpers.Telegram.Models\Helpers.Telegram.Models.csproj", "{BC5B4BBC-51E2-4FDB-BF78-6A6B626C2C33}"
EndProject
Project("{9A19103F-16F7-4668-BE54-9A1E7A4F7556}") = "Helpers.Telegram.Models.Tests", "Helpers.Telegram.Models.Tests\Helpers.Telegram.Models.Tests.csproj", "{8A546B4B-9952-4E95-95B9-73B677740816}"
EndProject
Project("{9A19103F-16F7-4668-BE54-9A1E7A4F7556}") = "Helpers.Telegram.Tests", "Helpers.Telegram.Tests\Helpers.Telegram.Tests.csproj", "{5B7F26E2-1B8A-44D9-A869-7400D06B24AF}"
EndProject
Project("{9A19103F-16F7-4668-BE54-9A1E7A4F7556}") = "Helpers.Timing", "Helpers.Timing\Helpers.Timing.csproj", "{6CBA4943-9026-4725-A7C8-07D3029C5B1D}"
EndProject
Project("{9A19103F-16F7-4668-BE54-9A1E7A4F7556}") = "Helpers.Timing.Tests", "Helpers.Timing.Tests\Helpers.Timing.Tests.csproj", "{4EFD6A0F-B89A-4D08-8D58-6E05D5716656}"
EndProject
Project("{9A19103F-16F7-4668-BE54-9A1E7A4F7556}") = "Helpers.TPLink", "Helpers.TPLink\Helpers.TPLink.csproj", "{3B344ABA-1454-4484-A128-FE91BAA11183}"
EndProject
Project("{9A19103F-16F7-4668-BE54-9A1E7A4F7556}") = "Helpers.TPLink.Models", "Helpers.TPLink.Models\Helpers.TPLink.Models.csproj", "{3CC66FF6-0780-412A-854B-0B901F3E9032}"
EndProject
Project("{9A19103F-16F7-4668-BE54-9A1E7A4F7556}") = "Helpers.TPLink.Models.Tests", "Helpers.TPLink.Models.Tests\Helpers.TPLink.Models.Tests.csproj", "{EE055A0D-CCEC-46BE-8475-EFA62668264A}"
EndProject
Project("{9A19103F-16F7-4668-BE54-9A1E7A4F7556}") = "Helpers.TPLink.Tests", "Helpers.TPLink.Tests\Helpers.TPLink.Tests.csproj", "{E0716978-C5C9-44CC-87AB-48F2EBEACFEC}"
EndProject
Project("{9A19103F-16F7-4668-BE54-9A1E7A4F7556}") = "Helpers.Tracing", "Helpers.Tracing\Helpers.Tracing.csproj", "{778D21D7-4A78-4165-A6C5-80EB9B90BD55}"
EndProject
Project("{9A19103F-16F7-4668-BE54-9A1E7A4F7556}") = "Helpers.Tracing.Middleware", "Helpers.Tracing.Middleware\Helpers.Tracing.Middleware.csproj", "{7E0DD386-4DBC-4FB6-82FB-63615EB5C2AB}"
EndProject
Project("{9A19103F-16F7-4668-BE54-9A1E7A4F7556}") = "Helpers.Tracing.Middleware.Tests", "Helpers.Tracing.Middleware.Tests\Helpers.Tracing.Middleware.Tests.csproj", "{6329CDB6-10F1-4584-9C7E-1515F9EC7FC7}"
EndProject
Project("{9A19103F-16F7-4668-BE54-9A1E7A4F7556}") = "Helpers.Tracing.Tests", "Helpers.Tracing.Tests\Helpers.Tracing.Tests.csproj", "{83E9F045-B3A2-47A8-9161-61A628F693CB}"
EndProject
Project("{9A19103F-16F7-4668-BE54-9A1E7A4F7556}") = "Helpers.Twitch", "Helpers.Twitch\Helpers.Twitch.csproj", "{84E9876D-52B8-40D6-A3F0-D3582F3A192C}"
EndProject
Project("{9A19103F-16F7-4668-BE54-9A1E7A4F7556}") = "Helpers.Twitch.Tests", "Helpers.Twitch.Tests\Helpers.Twitch.Tests.csproj", "{9A4CD850-3FC4-4633-87D6-DC5FBA7B58D0}"
EndProject
Project("{9A19103F-16F7-4668-BE54-9A1E7A4F7556}") = "Helpers.XUnitClassFixtures", "Helpers.XUnitClassFixtures\Helpers.XUnitClassFixtures.csproj", "{21DDB1C0-D23E-4A9A-821D-04E94A09EC58}"
EndProject
Project("{2150E333-8FDC-42A3-9474-1A3956D46DE8}") = "tests", "tests", "{5259EFFF-C5E1-49B0-B6EA-C86ADDA1C522}"
EndProject
Project("{2150E333-8FDC-42A3-9474-1A3956D46DE8}") = "Solution Items", "Solution Items", "{FA0DCB88-6545-4FDE-8EE2-638EC0660EFC}"
	ProjectSection(SolutionItems) = preProject
		build.ps1 = build.ps1
		Dockerfile = Dockerfile
		readme.md = readme.md
	EndProjectSection
EndProject
Project("{9A19103F-16F7-4668-BE54-9A1E7A4F7556}") = "Helpers.DelegatingHandlers", "Helpers.DelegatingHandlers\Helpers.DelegatingHandlers.csproj", "{48B334A9-DB85-409C-B144-9FA71DC4EDC0}"
EndProject
Project("{9A19103F-16F7-4668-BE54-9A1E7A4F7556}") = "Helpers.DelegatingHandlers.Tests", "Helpers.DelegatingHandlers.Tests\Helpers.DelegatingHandlers.Tests.csproj", "{A1C35512-94BF-4544-B3BC-FD9536B9CF95}"
EndProject
Project("{9A19103F-16F7-4668-BE54-9A1E7A4F7556}") = "Helpers.Nanoleaf", "Helpers.Nanoleaf\Helpers.Nanoleaf.csproj", "{2C894290-B20B-455D-9982-507382F5E3BD}"
EndProject
Project("{9A19103F-16F7-4668-BE54-9A1E7A4F7556}") = "Helpers.Nanoleaf.Tests", "Helpers.Nanoleaf.Tests\Helpers.Nanoleaf.Tests.csproj", "{067CD584-EED9-4BE0-A37B-A42D16EF3926}"
EndProject
Global
	GlobalSection(SolutionConfigurationPlatforms) = preSolution
		Debug|Any CPU = Debug|Any CPU
		Release|Any CPU = Release|Any CPU
	EndGlobalSection
	GlobalSection(ProjectConfigurationPlatforms) = postSolution
		{8A0C923C-223C-4784-9F2B-B7A63D9347BC}.Debug|Any CPU.ActiveCfg = Debug|Any CPU
		{8A0C923C-223C-4784-9F2B-B7A63D9347BC}.Debug|Any CPU.Build.0 = Debug|Any CPU
		{8A0C923C-223C-4784-9F2B-B7A63D9347BC}.Release|Any CPU.ActiveCfg = Release|Any CPU
		{8A0C923C-223C-4784-9F2B-B7A63D9347BC}.Release|Any CPU.Build.0 = Release|Any CPU
		{E2A09D1D-E054-4F8C-9003-CBF0E22D6471}.Debug|Any CPU.ActiveCfg = Debug|Any CPU
		{E2A09D1D-E054-4F8C-9003-CBF0E22D6471}.Debug|Any CPU.Build.0 = Debug|Any CPU
		{E2A09D1D-E054-4F8C-9003-CBF0E22D6471}.Release|Any CPU.ActiveCfg = Release|Any CPU
		{E2A09D1D-E054-4F8C-9003-CBF0E22D6471}.Release|Any CPU.Build.0 = Release|Any CPU
		{1147A9FB-C869-4DBB-9D61-DBBBAF33A442}.Debug|Any CPU.ActiveCfg = Debug|Any CPU
		{1147A9FB-C869-4DBB-9D61-DBBBAF33A442}.Debug|Any CPU.Build.0 = Debug|Any CPU
		{1147A9FB-C869-4DBB-9D61-DBBBAF33A442}.Release|Any CPU.ActiveCfg = Release|Any CPU
		{1147A9FB-C869-4DBB-9D61-DBBBAF33A442}.Release|Any CPU.Build.0 = Release|Any CPU
		{A8D78E6A-8CF3-455A-A75B-C53DB7B44FCF}.Debug|Any CPU.ActiveCfg = Debug|Any CPU
		{A8D78E6A-8CF3-455A-A75B-C53DB7B44FCF}.Debug|Any CPU.Build.0 = Debug|Any CPU
		{A8D78E6A-8CF3-455A-A75B-C53DB7B44FCF}.Release|Any CPU.ActiveCfg = Release|Any CPU
		{A8D78E6A-8CF3-455A-A75B-C53DB7B44FCF}.Release|Any CPU.Build.0 = Release|Any CPU
		{892BDC58-5E53-4E8D-A547-0260378135A3}.Debug|Any CPU.ActiveCfg = Debug|Any CPU
		{892BDC58-5E53-4E8D-A547-0260378135A3}.Debug|Any CPU.Build.0 = Debug|Any CPU
		{892BDC58-5E53-4E8D-A547-0260378135A3}.Release|Any CPU.ActiveCfg = Release|Any CPU
		{892BDC58-5E53-4E8D-A547-0260378135A3}.Release|Any CPU.Build.0 = Release|Any CPU
		{7B2456CA-AC1A-4370-AB8A-CC424C42EC86}.Debug|Any CPU.ActiveCfg = Debug|Any CPU
		{7B2456CA-AC1A-4370-AB8A-CC424C42EC86}.Debug|Any CPU.Build.0 = Debug|Any CPU
		{7B2456CA-AC1A-4370-AB8A-CC424C42EC86}.Release|Any CPU.ActiveCfg = Release|Any CPU
		{7B2456CA-AC1A-4370-AB8A-CC424C42EC86}.Release|Any CPU.Build.0 = Release|Any CPU
		{6083F279-BEA0-4E0A-BB94-19A034AC3D78}.Debug|Any CPU.ActiveCfg = Debug|Any CPU
		{6083F279-BEA0-4E0A-BB94-19A034AC3D78}.Debug|Any CPU.Build.0 = Debug|Any CPU
		{6083F279-BEA0-4E0A-BB94-19A034AC3D78}.Release|Any CPU.ActiveCfg = Release|Any CPU
		{6083F279-BEA0-4E0A-BB94-19A034AC3D78}.Release|Any CPU.Build.0 = Release|Any CPU
		{19A2E8BE-1656-40F2-93E5-8077068B4040}.Debug|Any CPU.ActiveCfg = Debug|Any CPU
		{19A2E8BE-1656-40F2-93E5-8077068B4040}.Debug|Any CPU.Build.0 = Debug|Any CPU
		{19A2E8BE-1656-40F2-93E5-8077068B4040}.Release|Any CPU.ActiveCfg = Release|Any CPU
		{19A2E8BE-1656-40F2-93E5-8077068B4040}.Release|Any CPU.Build.0 = Release|Any CPU
		{353F0BAE-9D15-492A-ADD1-F3F8E64D5CF2}.Debug|Any CPU.ActiveCfg = Debug|Any CPU
		{353F0BAE-9D15-492A-ADD1-F3F8E64D5CF2}.Debug|Any CPU.Build.0 = Debug|Any CPU
		{353F0BAE-9D15-492A-ADD1-F3F8E64D5CF2}.Release|Any CPU.ActiveCfg = Release|Any CPU
		{353F0BAE-9D15-492A-ADD1-F3F8E64D5CF2}.Release|Any CPU.Build.0 = Release|Any CPU
		{BF8A89F0-F3C4-40D7-95B3-075DFB60FF2A}.Debug|Any CPU.ActiveCfg = Debug|Any CPU
		{BF8A89F0-F3C4-40D7-95B3-075DFB60FF2A}.Debug|Any CPU.Build.0 = Debug|Any CPU
		{BF8A89F0-F3C4-40D7-95B3-075DFB60FF2A}.Release|Any CPU.ActiveCfg = Release|Any CPU
		{BF8A89F0-F3C4-40D7-95B3-075DFB60FF2A}.Release|Any CPU.Build.0 = Release|Any CPU
		{21D9C748-DCAA-4CA1-907C-F6FB71B5C4CC}.Debug|Any CPU.ActiveCfg = Debug|Any CPU
		{21D9C748-DCAA-4CA1-907C-F6FB71B5C4CC}.Debug|Any CPU.Build.0 = Debug|Any CPU
		{21D9C748-DCAA-4CA1-907C-F6FB71B5C4CC}.Release|Any CPU.ActiveCfg = Release|Any CPU
		{21D9C748-DCAA-4CA1-907C-F6FB71B5C4CC}.Release|Any CPU.Build.0 = Release|Any CPU
		{C2584F63-88C4-4254-83C3-5F882A478B5B}.Debug|Any CPU.ActiveCfg = Debug|Any CPU
		{C2584F63-88C4-4254-83C3-5F882A478B5B}.Debug|Any CPU.Build.0 = Debug|Any CPU
		{C2584F63-88C4-4254-83C3-5F882A478B5B}.Release|Any CPU.ActiveCfg = Release|Any CPU
		{C2584F63-88C4-4254-83C3-5F882A478B5B}.Release|Any CPU.Build.0 = Release|Any CPU
		{263692BA-A116-46E8-99C1-DA848C3B201B}.Debug|Any CPU.ActiveCfg = Debug|Any CPU
		{263692BA-A116-46E8-99C1-DA848C3B201B}.Debug|Any CPU.Build.0 = Debug|Any CPU
		{263692BA-A116-46E8-99C1-DA848C3B201B}.Release|Any CPU.ActiveCfg = Release|Any CPU
		{263692BA-A116-46E8-99C1-DA848C3B201B}.Release|Any CPU.Build.0 = Release|Any CPU
		{493BD8B2-BCE8-49CB-A2C9-75608713B30A}.Debug|Any CPU.ActiveCfg = Debug|Any CPU
		{493BD8B2-BCE8-49CB-A2C9-75608713B30A}.Debug|Any CPU.Build.0 = Debug|Any CPU
		{493BD8B2-BCE8-49CB-A2C9-75608713B30A}.Release|Any CPU.ActiveCfg = Release|Any CPU
		{493BD8B2-BCE8-49CB-A2C9-75608713B30A}.Release|Any CPU.Build.0 = Release|Any CPU
		{1617D574-F153-4F24-A6F9-60CC0FFE35CE}.Debug|Any CPU.ActiveCfg = Debug|Any CPU
		{1617D574-F153-4F24-A6F9-60CC0FFE35CE}.Debug|Any CPU.Build.0 = Debug|Any CPU
		{1617D574-F153-4F24-A6F9-60CC0FFE35CE}.Release|Any CPU.ActiveCfg = Release|Any CPU
		{1617D574-F153-4F24-A6F9-60CC0FFE35CE}.Release|Any CPU.Build.0 = Release|Any CPU
		{CF7ADB3C-007A-4128-BAD3-BC7321BF355F}.Debug|Any CPU.ActiveCfg = Debug|Any CPU
		{CF7ADB3C-007A-4128-BAD3-BC7321BF355F}.Debug|Any CPU.Build.0 = Debug|Any CPU
		{CF7ADB3C-007A-4128-BAD3-BC7321BF355F}.Release|Any CPU.ActiveCfg = Release|Any CPU
		{CF7ADB3C-007A-4128-BAD3-BC7321BF355F}.Release|Any CPU.Build.0 = Release|Any CPU
		{17EDCC5F-C4E0-48F9-AF60-EDA189E79ED4}.Debug|Any CPU.ActiveCfg = Debug|Any CPU
		{17EDCC5F-C4E0-48F9-AF60-EDA189E79ED4}.Debug|Any CPU.Build.0 = Debug|Any CPU
		{17EDCC5F-C4E0-48F9-AF60-EDA189E79ED4}.Release|Any CPU.ActiveCfg = Release|Any CPU
		{17EDCC5F-C4E0-48F9-AF60-EDA189E79ED4}.Release|Any CPU.Build.0 = Release|Any CPU
		{DB4DFBD5-EF40-41AF-9A74-94FABD3E0899}.Debug|Any CPU.ActiveCfg = Debug|Any CPU
		{DB4DFBD5-EF40-41AF-9A74-94FABD3E0899}.Debug|Any CPU.Build.0 = Debug|Any CPU
		{DB4DFBD5-EF40-41AF-9A74-94FABD3E0899}.Release|Any CPU.ActiveCfg = Release|Any CPU
		{DB4DFBD5-EF40-41AF-9A74-94FABD3E0899}.Release|Any CPU.Build.0 = Release|Any CPU
		{46A88DFB-093E-4B0B-A050-1DBBAD59A0CB}.Debug|Any CPU.ActiveCfg = Debug|Any CPU
		{46A88DFB-093E-4B0B-A050-1DBBAD59A0CB}.Debug|Any CPU.Build.0 = Debug|Any CPU
		{46A88DFB-093E-4B0B-A050-1DBBAD59A0CB}.Release|Any CPU.ActiveCfg = Release|Any CPU
		{46A88DFB-093E-4B0B-A050-1DBBAD59A0CB}.Release|Any CPU.Build.0 = Release|Any CPU
		{5D511434-8631-4D44-BE04-9702912CC894}.Debug|Any CPU.ActiveCfg = Debug|Any CPU
		{5D511434-8631-4D44-BE04-9702912CC894}.Debug|Any CPU.Build.0 = Debug|Any CPU
		{5D511434-8631-4D44-BE04-9702912CC894}.Release|Any CPU.ActiveCfg = Release|Any CPU
		{5D511434-8631-4D44-BE04-9702912CC894}.Release|Any CPU.Build.0 = Release|Any CPU
		{A8B4067D-BAAC-43C2-B5D7-6E07AFF414C0}.Debug|Any CPU.ActiveCfg = Debug|Any CPU
		{A8B4067D-BAAC-43C2-B5D7-6E07AFF414C0}.Debug|Any CPU.Build.0 = Debug|Any CPU
		{A8B4067D-BAAC-43C2-B5D7-6E07AFF414C0}.Release|Any CPU.ActiveCfg = Release|Any CPU
		{A8B4067D-BAAC-43C2-B5D7-6E07AFF414C0}.Release|Any CPU.Build.0 = Release|Any CPU
		{E29D2565-F89D-4301-AD9B-986C56331737}.Debug|Any CPU.ActiveCfg = Debug|Any CPU
		{E29D2565-F89D-4301-AD9B-986C56331737}.Debug|Any CPU.Build.0 = Debug|Any CPU
		{E29D2565-F89D-4301-AD9B-986C56331737}.Release|Any CPU.ActiveCfg = Release|Any CPU
		{E29D2565-F89D-4301-AD9B-986C56331737}.Release|Any CPU.Build.0 = Release|Any CPU
		{5AE9F391-4E95-4176-BDE6-4EDD588BF0CE}.Debug|Any CPU.ActiveCfg = Debug|Any CPU
		{5AE9F391-4E95-4176-BDE6-4EDD588BF0CE}.Debug|Any CPU.Build.0 = Debug|Any CPU
		{5AE9F391-4E95-4176-BDE6-4EDD588BF0CE}.Release|Any CPU.ActiveCfg = Release|Any CPU
		{5AE9F391-4E95-4176-BDE6-4EDD588BF0CE}.Release|Any CPU.Build.0 = Release|Any CPU
		{4042ED09-A285-402B-AB4C-BA6EF26A0BC1}.Debug|Any CPU.ActiveCfg = Debug|Any CPU
		{4042ED09-A285-402B-AB4C-BA6EF26A0BC1}.Debug|Any CPU.Build.0 = Debug|Any CPU
		{4042ED09-A285-402B-AB4C-BA6EF26A0BC1}.Release|Any CPU.ActiveCfg = Release|Any CPU
		{4042ED09-A285-402B-AB4C-BA6EF26A0BC1}.Release|Any CPU.Build.0 = Release|Any CPU
		{83C6AE8C-7DBE-4D1E-B84F-81F88F9AD644}.Debug|Any CPU.ActiveCfg = Debug|Any CPU
		{83C6AE8C-7DBE-4D1E-B84F-81F88F9AD644}.Debug|Any CPU.Build.0 = Debug|Any CPU
		{83C6AE8C-7DBE-4D1E-B84F-81F88F9AD644}.Release|Any CPU.ActiveCfg = Release|Any CPU
		{83C6AE8C-7DBE-4D1E-B84F-81F88F9AD644}.Release|Any CPU.Build.0 = Release|Any CPU
		{C939C83C-FB75-475A-A24F-3B5EDB9F90DF}.Debug|Any CPU.ActiveCfg = Debug|Any CPU
		{C939C83C-FB75-475A-A24F-3B5EDB9F90DF}.Debug|Any CPU.Build.0 = Debug|Any CPU
		{C939C83C-FB75-475A-A24F-3B5EDB9F90DF}.Release|Any CPU.ActiveCfg = Release|Any CPU
		{C939C83C-FB75-475A-A24F-3B5EDB9F90DF}.Release|Any CPU.Build.0 = Release|Any CPU
		{353248AD-DC50-471E-A7C5-FD68A5D98499}.Debug|Any CPU.ActiveCfg = Debug|Any CPU
		{353248AD-DC50-471E-A7C5-FD68A5D98499}.Debug|Any CPU.Build.0 = Debug|Any CPU
		{353248AD-DC50-471E-A7C5-FD68A5D98499}.Release|Any CPU.ActiveCfg = Release|Any CPU
		{353248AD-DC50-471E-A7C5-FD68A5D98499}.Release|Any CPU.Build.0 = Release|Any CPU
		{524F3F6B-857D-4864-9456-A55EE81D6245}.Debug|Any CPU.ActiveCfg = Debug|Any CPU
		{524F3F6B-857D-4864-9456-A55EE81D6245}.Debug|Any CPU.Build.0 = Debug|Any CPU
		{524F3F6B-857D-4864-9456-A55EE81D6245}.Release|Any CPU.ActiveCfg = Release|Any CPU
		{524F3F6B-857D-4864-9456-A55EE81D6245}.Release|Any CPU.Build.0 = Release|Any CPU
		{ACEFBF40-E892-4AB9-A164-C710DF58F108}.Debug|Any CPU.ActiveCfg = Debug|Any CPU
		{ACEFBF40-E892-4AB9-A164-C710DF58F108}.Debug|Any CPU.Build.0 = Debug|Any CPU
		{ACEFBF40-E892-4AB9-A164-C710DF58F108}.Release|Any CPU.ActiveCfg = Release|Any CPU
		{ACEFBF40-E892-4AB9-A164-C710DF58F108}.Release|Any CPU.Build.0 = Release|Any CPU
		{D4E0B2B3-F6E3-4C15-A4D2-433D438E44B1}.Debug|Any CPU.ActiveCfg = Debug|Any CPU
		{D4E0B2B3-F6E3-4C15-A4D2-433D438E44B1}.Debug|Any CPU.Build.0 = Debug|Any CPU
		{D4E0B2B3-F6E3-4C15-A4D2-433D438E44B1}.Release|Any CPU.ActiveCfg = Release|Any CPU
		{D4E0B2B3-F6E3-4C15-A4D2-433D438E44B1}.Release|Any CPU.Build.0 = Release|Any CPU
		{25A25091-1634-4B91-BA9A-3488DF24EBFC}.Debug|Any CPU.ActiveCfg = Debug|Any CPU
		{25A25091-1634-4B91-BA9A-3488DF24EBFC}.Debug|Any CPU.Build.0 = Debug|Any CPU
		{25A25091-1634-4B91-BA9A-3488DF24EBFC}.Release|Any CPU.ActiveCfg = Release|Any CPU
		{25A25091-1634-4B91-BA9A-3488DF24EBFC}.Release|Any CPU.Build.0 = Release|Any CPU
		{396C918D-B11B-4516-BAE1-1B961D4F5108}.Debug|Any CPU.ActiveCfg = Debug|Any CPU
		{396C918D-B11B-4516-BAE1-1B961D4F5108}.Debug|Any CPU.Build.0 = Debug|Any CPU
		{396C918D-B11B-4516-BAE1-1B961D4F5108}.Release|Any CPU.ActiveCfg = Release|Any CPU
		{396C918D-B11B-4516-BAE1-1B961D4F5108}.Release|Any CPU.Build.0 = Release|Any CPU
		{6764EB5A-CBE0-4CFB-95AC-F936D5D2753F}.Debug|Any CPU.ActiveCfg = Debug|Any CPU
		{6764EB5A-CBE0-4CFB-95AC-F936D5D2753F}.Debug|Any CPU.Build.0 = Debug|Any CPU
		{6764EB5A-CBE0-4CFB-95AC-F936D5D2753F}.Release|Any CPU.ActiveCfg = Release|Any CPU
		{6764EB5A-CBE0-4CFB-95AC-F936D5D2753F}.Release|Any CPU.Build.0 = Release|Any CPU
		{E7722BEE-DE00-457A-92E7-217DE5C86639}.Debug|Any CPU.ActiveCfg = Debug|Any CPU
		{E7722BEE-DE00-457A-92E7-217DE5C86639}.Debug|Any CPU.Build.0 = Debug|Any CPU
		{E7722BEE-DE00-457A-92E7-217DE5C86639}.Release|Any CPU.ActiveCfg = Release|Any CPU
		{E7722BEE-DE00-457A-92E7-217DE5C86639}.Release|Any CPU.Build.0 = Release|Any CPU
		{9BBDFB8B-9723-4573-AC6F-277318C258B3}.Debug|Any CPU.ActiveCfg = Debug|Any CPU
		{9BBDFB8B-9723-4573-AC6F-277318C258B3}.Debug|Any CPU.Build.0 = Debug|Any CPU
		{9BBDFB8B-9723-4573-AC6F-277318C258B3}.Release|Any CPU.ActiveCfg = Release|Any CPU
		{9BBDFB8B-9723-4573-AC6F-277318C258B3}.Release|Any CPU.Build.0 = Release|Any CPU
		{BC5B4BBC-51E2-4FDB-BF78-6A6B626C2C33}.Debug|Any CPU.ActiveCfg = Debug|Any CPU
		{BC5B4BBC-51E2-4FDB-BF78-6A6B626C2C33}.Debug|Any CPU.Build.0 = Debug|Any CPU
		{BC5B4BBC-51E2-4FDB-BF78-6A6B626C2C33}.Release|Any CPU.ActiveCfg = Release|Any CPU
		{BC5B4BBC-51E2-4FDB-BF78-6A6B626C2C33}.Release|Any CPU.Build.0 = Release|Any CPU
		{8A546B4B-9952-4E95-95B9-73B677740816}.Debug|Any CPU.ActiveCfg = Debug|Any CPU
		{8A546B4B-9952-4E95-95B9-73B677740816}.Debug|Any CPU.Build.0 = Debug|Any CPU
		{8A546B4B-9952-4E95-95B9-73B677740816}.Release|Any CPU.ActiveCfg = Release|Any CPU
		{8A546B4B-9952-4E95-95B9-73B677740816}.Release|Any CPU.Build.0 = Release|Any CPU
		{5B7F26E2-1B8A-44D9-A869-7400D06B24AF}.Debug|Any CPU.ActiveCfg = Debug|Any CPU
		{5B7F26E2-1B8A-44D9-A869-7400D06B24AF}.Debug|Any CPU.Build.0 = Debug|Any CPU
		{5B7F26E2-1B8A-44D9-A869-7400D06B24AF}.Release|Any CPU.ActiveCfg = Release|Any CPU
		{5B7F26E2-1B8A-44D9-A869-7400D06B24AF}.Release|Any CPU.Build.0 = Release|Any CPU
		{6CBA4943-9026-4725-A7C8-07D3029C5B1D}.Debug|Any CPU.ActiveCfg = Debug|Any CPU
		{6CBA4943-9026-4725-A7C8-07D3029C5B1D}.Debug|Any CPU.Build.0 = Debug|Any CPU
		{6CBA4943-9026-4725-A7C8-07D3029C5B1D}.Release|Any CPU.ActiveCfg = Release|Any CPU
		{6CBA4943-9026-4725-A7C8-07D3029C5B1D}.Release|Any CPU.Build.0 = Release|Any CPU
		{4EFD6A0F-B89A-4D08-8D58-6E05D5716656}.Debug|Any CPU.ActiveCfg = Debug|Any CPU
		{4EFD6A0F-B89A-4D08-8D58-6E05D5716656}.Debug|Any CPU.Build.0 = Debug|Any CPU
		{4EFD6A0F-B89A-4D08-8D58-6E05D5716656}.Release|Any CPU.ActiveCfg = Release|Any CPU
		{4EFD6A0F-B89A-4D08-8D58-6E05D5716656}.Release|Any CPU.Build.0 = Release|Any CPU
		{3B344ABA-1454-4484-A128-FE91BAA11183}.Debug|Any CPU.ActiveCfg = Debug|Any CPU
		{3B344ABA-1454-4484-A128-FE91BAA11183}.Debug|Any CPU.Build.0 = Debug|Any CPU
		{3B344ABA-1454-4484-A128-FE91BAA11183}.Release|Any CPU.ActiveCfg = Release|Any CPU
		{3B344ABA-1454-4484-A128-FE91BAA11183}.Release|Any CPU.Build.0 = Release|Any CPU
		{3CC66FF6-0780-412A-854B-0B901F3E9032}.Debug|Any CPU.ActiveCfg = Debug|Any CPU
		{3CC66FF6-0780-412A-854B-0B901F3E9032}.Debug|Any CPU.Build.0 = Debug|Any CPU
		{3CC66FF6-0780-412A-854B-0B901F3E9032}.Release|Any CPU.ActiveCfg = Release|Any CPU
		{3CC66FF6-0780-412A-854B-0B901F3E9032}.Release|Any CPU.Build.0 = Release|Any CPU
		{EE055A0D-CCEC-46BE-8475-EFA62668264A}.Debug|Any CPU.ActiveCfg = Debug|Any CPU
		{EE055A0D-CCEC-46BE-8475-EFA62668264A}.Debug|Any CPU.Build.0 = Debug|Any CPU
		{EE055A0D-CCEC-46BE-8475-EFA62668264A}.Release|Any CPU.ActiveCfg = Release|Any CPU
		{EE055A0D-CCEC-46BE-8475-EFA62668264A}.Release|Any CPU.Build.0 = Release|Any CPU
		{E0716978-C5C9-44CC-87AB-48F2EBEACFEC}.Debug|Any CPU.ActiveCfg = Debug|Any CPU
		{E0716978-C5C9-44CC-87AB-48F2EBEACFEC}.Debug|Any CPU.Build.0 = Debug|Any CPU
		{E0716978-C5C9-44CC-87AB-48F2EBEACFEC}.Release|Any CPU.ActiveCfg = Release|Any CPU
		{E0716978-C5C9-44CC-87AB-48F2EBEACFEC}.Release|Any CPU.Build.0 = Release|Any CPU
		{778D21D7-4A78-4165-A6C5-80EB9B90BD55}.Debug|Any CPU.ActiveCfg = Debug|Any CPU
		{778D21D7-4A78-4165-A6C5-80EB9B90BD55}.Debug|Any CPU.Build.0 = Debug|Any CPU
		{778D21D7-4A78-4165-A6C5-80EB9B90BD55}.Release|Any CPU.ActiveCfg = Release|Any CPU
		{778D21D7-4A78-4165-A6C5-80EB9B90BD55}.Release|Any CPU.Build.0 = Release|Any CPU
		{7E0DD386-4DBC-4FB6-82FB-63615EB5C2AB}.Debug|Any CPU.ActiveCfg = Debug|Any CPU
		{7E0DD386-4DBC-4FB6-82FB-63615EB5C2AB}.Debug|Any CPU.Build.0 = Debug|Any CPU
		{7E0DD386-4DBC-4FB6-82FB-63615EB5C2AB}.Release|Any CPU.ActiveCfg = Release|Any CPU
		{7E0DD386-4DBC-4FB6-82FB-63615EB5C2AB}.Release|Any CPU.Build.0 = Release|Any CPU
		{6329CDB6-10F1-4584-9C7E-1515F9EC7FC7}.Debug|Any CPU.ActiveCfg = Debug|Any CPU
		{6329CDB6-10F1-4584-9C7E-1515F9EC7FC7}.Debug|Any CPU.Build.0 = Debug|Any CPU
		{6329CDB6-10F1-4584-9C7E-1515F9EC7FC7}.Release|Any CPU.ActiveCfg = Release|Any CPU
		{6329CDB6-10F1-4584-9C7E-1515F9EC7FC7}.Release|Any CPU.Build.0 = Release|Any CPU
		{83E9F045-B3A2-47A8-9161-61A628F693CB}.Debug|Any CPU.ActiveCfg = Debug|Any CPU
		{83E9F045-B3A2-47A8-9161-61A628F693CB}.Debug|Any CPU.Build.0 = Debug|Any CPU
		{83E9F045-B3A2-47A8-9161-61A628F693CB}.Release|Any CPU.ActiveCfg = Release|Any CPU
		{83E9F045-B3A2-47A8-9161-61A628F693CB}.Release|Any CPU.Build.0 = Release|Any CPU
		{84E9876D-52B8-40D6-A3F0-D3582F3A192C}.Debug|Any CPU.ActiveCfg = Debug|Any CPU
		{84E9876D-52B8-40D6-A3F0-D3582F3A192C}.Debug|Any CPU.Build.0 = Debug|Any CPU
		{84E9876D-52B8-40D6-A3F0-D3582F3A192C}.Release|Any CPU.ActiveCfg = Release|Any CPU
		{84E9876D-52B8-40D6-A3F0-D3582F3A192C}.Release|Any CPU.Build.0 = Release|Any CPU
		{9A4CD850-3FC4-4633-87D6-DC5FBA7B58D0}.Debug|Any CPU.ActiveCfg = Debug|Any CPU
		{9A4CD850-3FC4-4633-87D6-DC5FBA7B58D0}.Debug|Any CPU.Build.0 = Debug|Any CPU
		{9A4CD850-3FC4-4633-87D6-DC5FBA7B58D0}.Release|Any CPU.ActiveCfg = Release|Any CPU
		{9A4CD850-3FC4-4633-87D6-DC5FBA7B58D0}.Release|Any CPU.Build.0 = Release|Any CPU
		{21DDB1C0-D23E-4A9A-821D-04E94A09EC58}.Debug|Any CPU.ActiveCfg = Debug|Any CPU
		{21DDB1C0-D23E-4A9A-821D-04E94A09EC58}.Debug|Any CPU.Build.0 = Debug|Any CPU
		{21DDB1C0-D23E-4A9A-821D-04E94A09EC58}.Release|Any CPU.ActiveCfg = Release|Any CPU
		{21DDB1C0-D23E-4A9A-821D-04E94A09EC58}.Release|Any CPU.Build.0 = Release|Any CPU
		{48B334A9-DB85-409C-B144-9FA71DC4EDC0}.Debug|Any CPU.ActiveCfg = Debug|Any CPU
		{48B334A9-DB85-409C-B144-9FA71DC4EDC0}.Debug|Any CPU.Build.0 = Debug|Any CPU
		{48B334A9-DB85-409C-B144-9FA71DC4EDC0}.Release|Any CPU.ActiveCfg = Release|Any CPU
		{48B334A9-DB85-409C-B144-9FA71DC4EDC0}.Release|Any CPU.Build.0 = Release|Any CPU
		{A1C35512-94BF-4544-B3BC-FD9536B9CF95}.Debug|Any CPU.ActiveCfg = Debug|Any CPU
		{A1C35512-94BF-4544-B3BC-FD9536B9CF95}.Debug|Any CPU.Build.0 = Debug|Any CPU
		{A1C35512-94BF-4544-B3BC-FD9536B9CF95}.Release|Any CPU.ActiveCfg = Release|Any CPU
		{A1C35512-94BF-4544-B3BC-FD9536B9CF95}.Release|Any CPU.Build.0 = Release|Any CPU
		{2C894290-B20B-455D-9982-507382F5E3BD}.Debug|Any CPU.ActiveCfg = Debug|Any CPU
		{2C894290-B20B-455D-9982-507382F5E3BD}.Debug|Any CPU.Build.0 = Debug|Any CPU
		{2C894290-B20B-455D-9982-507382F5E3BD}.Release|Any CPU.ActiveCfg = Release|Any CPU
		{2C894290-B20B-455D-9982-507382F5E3BD}.Release|Any CPU.Build.0 = Release|Any CPU
		{067CD584-EED9-4BE0-A37B-A42D16EF3926}.Debug|Any CPU.ActiveCfg = Debug|Any CPU
		{067CD584-EED9-4BE0-A37B-A42D16EF3926}.Debug|Any CPU.Build.0 = Debug|Any CPU
		{067CD584-EED9-4BE0-A37B-A42D16EF3926}.Release|Any CPU.ActiveCfg = Release|Any CPU
		{067CD584-EED9-4BE0-A37B-A42D16EF3926}.Release|Any CPU.Build.0 = Release|Any CPU
	EndGlobalSection
	GlobalSection(SolutionProperties) = preSolution
		HideSolutionNode = FALSE
	EndGlobalSection
	GlobalSection(NestedProjects) = preSolution
		{E2A09D1D-E054-4F8C-9003-CBF0E22D6471} = {5259EFFF-C5E1-49B0-B6EA-C86ADDA1C522}
		{A8D78E6A-8CF3-455A-A75B-C53DB7B44FCF} = {5259EFFF-C5E1-49B0-B6EA-C86ADDA1C522}
		{7B2456CA-AC1A-4370-AB8A-CC424C42EC86} = {5259EFFF-C5E1-49B0-B6EA-C86ADDA1C522}
		{19A2E8BE-1656-40F2-93E5-8077068B4040} = {5259EFFF-C5E1-49B0-B6EA-C86ADDA1C522}
		{BF8A89F0-F3C4-40D7-95B3-075DFB60FF2A} = {5259EFFF-C5E1-49B0-B6EA-C86ADDA1C522}
		{C2584F63-88C4-4254-83C3-5F882A478B5B} = {5259EFFF-C5E1-49B0-B6EA-C86ADDA1C522}
		{493BD8B2-BCE8-49CB-A2C9-75608713B30A} = {5259EFFF-C5E1-49B0-B6EA-C86ADDA1C522}
		{CF7ADB3C-007A-4128-BAD3-BC7321BF355F} = {5259EFFF-C5E1-49B0-B6EA-C86ADDA1C522}
		{46A88DFB-093E-4B0B-A050-1DBBAD59A0CB} = {5259EFFF-C5E1-49B0-B6EA-C86ADDA1C522}
		{5D511434-8631-4D44-BE04-9702912CC894} = {5259EFFF-C5E1-49B0-B6EA-C86ADDA1C522}
		{E29D2565-F89D-4301-AD9B-986C56331737} = {5259EFFF-C5E1-49B0-B6EA-C86ADDA1C522}
		{4042ED09-A285-402B-AB4C-BA6EF26A0BC1} = {5259EFFF-C5E1-49B0-B6EA-C86ADDA1C522}
		{83C6AE8C-7DBE-4D1E-B84F-81F88F9AD644} = {5259EFFF-C5E1-49B0-B6EA-C86ADDA1C522}
		{C939C83C-FB75-475A-A24F-3B5EDB9F90DF} = {5259EFFF-C5E1-49B0-B6EA-C86ADDA1C522}
		{524F3F6B-857D-4864-9456-A55EE81D6245} = {5259EFFF-C5E1-49B0-B6EA-C86ADDA1C522}
		{25A25091-1634-4B91-BA9A-3488DF24EBFC} = {5259EFFF-C5E1-49B0-B6EA-C86ADDA1C522}
		{396C918D-B11B-4516-BAE1-1B961D4F5108} = {5259EFFF-C5E1-49B0-B6EA-C86ADDA1C522}
		{E7722BEE-DE00-457A-92E7-217DE5C86639} = {5259EFFF-C5E1-49B0-B6EA-C86ADDA1C522}
		{8A546B4B-9952-4E95-95B9-73B677740816} = {5259EFFF-C5E1-49B0-B6EA-C86ADDA1C522}
		{5B7F26E2-1B8A-44D9-A869-7400D06B24AF} = {5259EFFF-C5E1-49B0-B6EA-C86ADDA1C522}
		{4EFD6A0F-B89A-4D08-8D58-6E05D5716656} = {5259EFFF-C5E1-49B0-B6EA-C86ADDA1C522}
		{EE055A0D-CCEC-46BE-8475-EFA62668264A} = {5259EFFF-C5E1-49B0-B6EA-C86ADDA1C522}
		{E0716978-C5C9-44CC-87AB-48F2EBEACFEC} = {5259EFFF-C5E1-49B0-B6EA-C86ADDA1C522}
		{6329CDB6-10F1-4584-9C7E-1515F9EC7FC7} = {5259EFFF-C5E1-49B0-B6EA-C86ADDA1C522}
		{83E9F045-B3A2-47A8-9161-61A628F693CB} = {5259EFFF-C5E1-49B0-B6EA-C86ADDA1C522}
		{9A4CD850-3FC4-4633-87D6-DC5FBA7B58D0} = {5259EFFF-C5E1-49B0-B6EA-C86ADDA1C522}
		{A1C35512-94BF-4544-B3BC-FD9536B9CF95} = {5259EFFF-C5E1-49B0-B6EA-C86ADDA1C522}
		{067CD584-EED9-4BE0-A37B-A42D16EF3926} = {5259EFFF-C5E1-49B0-B6EA-C86ADDA1C522}
	EndGlobalSection
	GlobalSection(ExtensibilityGlobals) = postSolution
		SolutionGuid = {4F26933C-44CB-419A-ADC2-FC80BE12BE43}
	EndGlobalSection
EndGlobal
