
Microsoft Visual Studio Solution File, Format Version 12.00
# Visual Studio Version 16
VisualStudioVersion = 16.0.28803.352
MinimumVisualStudioVersion = 10.0.40219.1
Project("{9A19103F-16F7-4668-BE54-9A1E7A4F7556}") = "Helpers.DockerSecrets", "Helpers.DockerSecrets\Helpers.DockerSecrets.csproj", "{0354C000-EB7E-44D9-AE91-D65C9E50E9BD}"
EndProject
Project("{9A19103F-16F7-4668-BE54-9A1E7A4F7556}") = "Helpers.Tracing", "Helpers.Tracing\Helpers.Tracing.csproj", "{8F08BC08-9057-4C1A-A9A4-F3FF5890DACF}"
EndProject
Project("{9A19103F-16F7-4668-BE54-9A1E7A4F7556}") = "Helpers.Jaeger", "Helpers.Jaeger\Helpers.Jaeger.csproj", "{97F7D9BB-90BC-45C6-91B7-6EDBB5EE45F6}"
EndProject
Project("{2150E333-8FDC-42A3-9474-1A3956D46DE8}") = "Solution Items", "Solution Items", "{D69BA399-8DEF-4F77-9F85-3C599E800081}"
	ProjectSection(SolutionItems) = preProject
		.editorconfig = .editorconfig
		build.sh = build.sh
		readme.md = readme.md
	EndProjectSection
EndProject
Project("{9A19103F-16F7-4668-BE54-9A1E7A4F7556}") = "Helpers.MySql", "Helpers.MySql\Helpers.MySql.csproj", "{A7E61084-96D0-4487-B706-461AA62A0802}"
EndProject
Project("{9A19103F-16F7-4668-BE54-9A1E7A4F7556}") = "Helpers.MySql.Tests", "Helpers.MySql.Tests\Helpers.MySql.Tests.csproj", "{8816A994-AA10-4C24-83A4-79C0274FB126}"
EndProject
Project("{9A19103F-16F7-4668-BE54-9A1E7A4F7556}") = "Helpers.Tracing.Tests", "Helpers.Tracing.Tests\Helpers.Tracing.Tests.csproj", "{8FA2A0BA-1992-48D9-992B-5FF15FE89FCE}"
EndProject
Project("{9A19103F-16F7-4668-BE54-9A1E7A4F7556}") = "Helpers.Telegram", "Helpers.Telegram\Helpers.Telegram.csproj", "{740D037A-C239-40A5-94A3-C26D1CB24846}"
EndProject
Project("{9A19103F-16F7-4668-BE54-9A1E7A4F7556}") = "Helpers.Telegram.Tests", "Helpers.Telegram.Tests\Helpers.Telegram.Tests.csproj", "{9E5B17DE-139F-4A90-AD64-5080538411E8}"
EndProject
Project("{9A19103F-16F7-4668-BE54-9A1E7A4F7556}") = "Helpers.Telegram.Models", "Helpers.Telegram.Models\Helpers.Telegram.Models.csproj", "{E607C8EB-74F2-4593-8E38-214AD8F2FCF7}"
EndProject
Project("{9A19103F-16F7-4668-BE54-9A1E7A4F7556}") = "Helpers.Telegram.Models.Tests", "Helpers.Telegram.Models.Tests\Helpers.Telegram.Models.Tests.csproj", "{2CC2EE7D-3137-4F96-A378-5F1D0158C800}"
EndProject
Project("{9A19103F-16F7-4668-BE54-9A1E7A4F7556}") = "Helpers.Tracing.Middleware", "Helpers.Tracing.Middleware\Helpers.Tracing.Middleware.csproj", "{CFE5ABEE-6702-4691-8CCF-EE611CC18ADD}"
EndProject
Project("{9A19103F-16F7-4668-BE54-9A1E7A4F7556}") = "Helpers.Tracing.Middleware.Tests", "Helpers.Tracing.Middleware.Tests\Helpers.Tracing.Middleware.Tests.csproj", "{8183AAC6-060B-4D04-83CF-04EB3EAAA654}"
EndProject
Project("{9A19103F-16F7-4668-BE54-9A1E7A4F7556}") = "Helpers.RabbitMQ", "Helpers.RabbitMQ\Helpers.RabbitMQ.csproj", "{A5979DA6-C309-4F0F-982A-011AF4030C37}"
EndProject
Project("{9A19103F-16F7-4668-BE54-9A1E7A4F7556}") = "Helpers.RabbitMQ.Tests", "Helpers.RabbitMQ.Tests\Helpers.RabbitMQ.Tests.csproj", "{7A17D029-69F9-457E-B6D2-79DB9850AD08}"
EndProject
Project("{9A19103F-16F7-4668-BE54-9A1E7A4F7556}") = "Helpers.Common", "Helpers.Common\Helpers.Common.csproj", "{4C8860A4-E18B-4817-9273-8E385DF1F1FB}"
EndProject
Project("{9A19103F-16F7-4668-BE54-9A1E7A4F7556}") = "Helpers.Common.Tests", "Helpers.Common.Tests\Helpers.Common.Tests.csproj", "{0D9D48E2-B082-49D3-8093-3003CEA70BEE}"
EndProject
Project("{9A19103F-16F7-4668-BE54-9A1E7A4F7556}") = "Helpers.Discord", "Helpers.Discord\Helpers.Discord.csproj", "{2A884D61-1062-4EAD-8F48-9DDB063C23B5}"
EndProject
Project("{9A19103F-16F7-4668-BE54-9A1E7A4F7556}") = "Helpers.Discord.Tests", "Helpers.Discord.Tests\Helpers.Discord.Tests.csproj", "{7327A635-67DF-42A6-BDFF-8E44BD34A0E7}"
EndProject
Project("{9A19103F-16F7-4668-BE54-9A1E7A4F7556}") = "Helpers.Jaeger.Tests", "Helpers.Jaeger.Tests\Helpers.Jaeger.Tests.csproj", "{1A645B28-E72F-4FB5-96A3-85D3DC50855E}"
EndProject
Project("{9A19103F-16F7-4668-BE54-9A1E7A4F7556}") = "Helpers.Cineworld.Models", "Helpers.Cineworld.Models\Helpers.Cineworld.Models.csproj", "{4111C45E-FB6E-4FA9-98D6-6C01F85F5C6C}"
EndProject
Project("{9A19103F-16F7-4668-BE54-9A1E7A4F7556}") = "Helpers.Cineworld.Models.Tests", "Helpers.Cineworld.Models.Tests\Helpers.Cineworld.Models.Tests.csproj", "{6959153E-B453-42B3-B162-A866D27A2916}"
EndProject
Project("{9A19103F-16F7-4668-BE54-9A1E7A4F7556}") = "Helpers.Cineworld", "Helpers.Cineworld\Helpers.Cineworld.csproj", "{41CC5275-B365-4203-8A29-79ED5FC287FB}"
EndProject
Project("{9A19103F-16F7-4668-BE54-9A1E7A4F7556}") = "Helpers.Cineworld.Tests", "Helpers.Cineworld.Tests\Helpers.Cineworld.Tests.csproj", "{E96ED8DB-BEE8-4526-A2A9-5F0B7D843C00}"
EndProject
Project("{9A19103F-16F7-4668-BE54-9A1E7A4F7556}") = "Helpers.DockerSecrets.Tests", "Helpers.DockerSecrets.Tests\Helpers.DockerSecrets.Tests.csproj", "{80ECBFEA-2733-4201-956E-4B60A638C06C}"
EndProject
Project("{9A19103F-16F7-4668-BE54-9A1E7A4F7556}") = "Helpers.DawnGuard", "Helpers.DawnGuard\Helpers.DawnGuard.csproj", "{748C7556-5F53-44D9-AD47-1F2EF096EAB5}"
EndProject
Project("{9A19103F-16F7-4668-BE54-9A1E7A4F7556}") = "Helpers.DawnGuard.Tests", "Helpers.DawnGuard.Tests\Helpers.DawnGuard.Tests.csproj", "{521087C9-E802-4766-835E-BD7CEB60B871}"
EndProject
Project("{9A19103F-16F7-4668-BE54-9A1E7A4F7556}") = "Helpers.Steam", "Helpers.Steam\Helpers.Steam.csproj", "{142088D8-36F9-40AB-B562-90A5EDF4FE35}"
EndProject
Project("{9A19103F-16F7-4668-BE54-9A1E7A4F7556}") = "Helpers.Steam.Models", "Helpers.Steam.Models\Helpers.Steam.Models.csproj", "{C3156A8B-7AFB-4B13-AD44-03A175CD5FAB}"
EndProject
Project("{9A19103F-16F7-4668-BE54-9A1E7A4F7556}") = "Helpers.Steam.Tests", "Helpers.Steam.Tests\Helpers.Steam.Tests.csproj", "{2EB547C8-F594-4D58-84A3-EB73671571A2}"
EndProject
Project("{9A19103F-16F7-4668-BE54-9A1E7A4F7556}") = "Helpers.Slack", "Helpers.Slack\Helpers.Slack.csproj", "{3574CBE5-E40B-4C01-B902-3F62CAAA47B2}"
EndProject
Project("{9A19103F-16F7-4668-BE54-9A1E7A4F7556}") = "Helpers.Slack.Tests", "Helpers.Slack.Tests\Helpers.Slack.Tests.csproj", "{03E83938-5DBF-474F-AA96-F42535F5095D}"
EndProject
Project("{9A19103F-16F7-4668-BE54-9A1E7A4F7556}") = "Helpers.Web", "Helpers.Web\Helpers.Web.csproj", "{0C1C99CF-52CB-4F7B-8ACA-44CCA910E993}"
EndProject
Project("{9A19103F-16F7-4668-BE54-9A1E7A4F7556}") = "Helpers.Twitch", "Helpers.Twitch\Helpers.Twitch.csproj", "{39803DE4-E27F-46B7-BE76-74CC2B8063C4}"
EndProject
Project("{9A19103F-16F7-4668-BE54-9A1E7A4F7556}") = "Helpers.Twitch.Tests", "Helpers.Twitch.Tests\Helpers.Twitch.Tests.csproj", "{C12E3E62-46F2-412A-9592-524816ABA302}"
EndProject
Project("{9A19103F-16F7-4668-BE54-9A1E7A4F7556}") = "Helpers.Jwt", "Helpers.Jwt\Helpers.Jwt.csproj", "{7B00A21B-CBFB-42D8-A1C9-4DD0FFB9784E}"
EndProject
Project("{9A19103F-16F7-4668-BE54-9A1E7A4F7556}") = "Helpers.Jwt.Tests", "Helpers.Jwt.Tests\Helpers.Jwt.Tests.csproj", "{485862B5-3FF9-40F3-B5F6-1A24F698637A}"
EndProject
Project("{9A19103F-16F7-4668-BE54-9A1E7A4F7556}") = "Helpers.DockerHub.Tests", "Helpers.DockerHub.Tests\Helpers.DockerHub.Tests.csproj", "{FC7877AD-51A3-47A6-9591-E9F937604E3F}"
EndProject
Project("{9A19103F-16F7-4668-BE54-9A1E7A4F7556}") = "Helpers.XUnitClassFixtures", "Helpers.XUnitClassFixtures\Helpers.XUnitClassFixtures.csproj", "{7800CE92-460A-42BA-815F-D8E6DAC04BFE}"
EndProject
Project("{9A19103F-16F7-4668-BE54-9A1E7A4F7556}") = "Helpers.Web.Tests", "Helpers.Web.Tests\Helpers.Web.Tests.csproj", "{C071D73D-5A0E-497B-B5E7-2F816BB7C074}"
EndProject
Project("{9A19103F-16F7-4668-BE54-9A1E7A4F7556}") = "Helpers.Reddit.Models.Tests", "Helpers.Reddit.Models.Tests\Helpers.Reddit.Models.Tests.csproj", "{32CC73C3-8195-4FC6-8EFB-84C195E6E22B}"
EndProject
Project("{9A19103F-16F7-4668-BE54-9A1E7A4F7556}") = "Helpers.Reddit.Models", "Helpers.Reddit.Models\Helpers.Reddit.Models.csproj", "{673963F0-2942-4926-A67C-251C1EA00E79}"
EndProject
Project("{9A19103F-16F7-4668-BE54-9A1E7A4F7556}") = "Helpers.TPLink.Tests", "Helpers.TPLink.Tests\Helpers.TPLink.Tests.csproj", "{4CE492E2-780C-45B6-BEFC-CBBA7873683E}"
EndProject
Project("{9A19103F-16F7-4668-BE54-9A1E7A4F7556}") = "Helpers.TPLink.Models", "Helpers.TPLink.Models\Helpers.TPLink.Models.csproj", "{08123BE3-2636-4BE5-A6D2-EC6C471EBE2D}"
EndProject
Project("{9A19103F-16F7-4668-BE54-9A1E7A4F7556}") = "Helpers.TPLink", "Helpers.TPLink\Helpers.TPLink.csproj", "{03AF37DE-A955-4BDB-8CC4-8566A28694E1}"
EndProject
Project("{9A19103F-16F7-4668-BE54-9A1E7A4F7556}") = "Helpers.TPLink.Models.Tests", "Helpers.TPLink.Models.Tests\Helpers.TPLink.Models.Tests.csproj", "{3AF45F34-B75D-412A-A7EF-750444AD58BD}"
EndProject
Project("{9A19103F-16F7-4668-BE54-9A1E7A4F7556}") = "Helpers.GlobalCache.Tests", "Helpers.GlobalCache.Tests\Helpers.GlobalCache.Tests.csproj", "{76750C4D-482F-4A63-A492-0D65E7B031B6}"
EndProject
Project("{9A19103F-16F7-4668-BE54-9A1E7A4F7556}") = "Helpers.GlobalCache", "Helpers.GlobalCache\Helpers.GlobalCache.csproj", "{2B26D47D-D973-47FB-BB78-7EADC0DE9256}"
EndProject
Project("{9A19103F-16F7-4668-BE54-9A1E7A4F7556}") = "Helpers.Elgato", "Helpers.Elgato\Helpers.Elgato.csproj", "{82932971-5DB0-413E-BA6C-C46BD248F9C5}"
EndProject
Project("{9A19103F-16F7-4668-BE54-9A1E7A4F7556}") = "Helpers.Elgato.Tests", "Helpers.Elgato.Tests\Helpers.Elgato.Tests.csproj", "{C7BF6C1A-D77D-4BDC-B928-E9DA9D7AB9C7}"
EndProject
Project("{9A19103F-16F7-4668-BE54-9A1E7A4F7556}") = "Helpers.GitHub.Tests", "Helpers.GitHub.Tests\Helpers.GitHub.Tests.csproj", "{3A81070D-3C3A-46C1-AAD2-11DA0FCF5C47}"
EndProject
Project("{9A19103F-16F7-4668-BE54-9A1E7A4F7556}") = "Helpers.GitHub", "Helpers.GitHub\Helpers.GitHub.csproj", "{9FDDCAC7-9FFF-439B-B4E0-C8235BA8B638}"
EndProject
Project("{9A19103F-16F7-4668-BE54-9A1E7A4F7556}") = "Helpers.Phasmophobia", "Helpers.Phasmophobia\Helpers.Phasmophobia.csproj", "{29D7DFC5-8F1D-4C69-855C-59F75DD99D70}"
EndProject
Project("{9A19103F-16F7-4668-BE54-9A1E7A4F7556}") = "Helpers.OpenWrt.Tests", "Helpers.OpenWrt.Tests\Helpers.OpenWrt.Tests.csproj", "{6B21C6C7-61BF-47B1-93CF-1E90AA48018D}"
EndProject
Project("{9A19103F-16F7-4668-BE54-9A1E7A4F7556}") = "Helpers.OpenWrt", "Helpers.OpenWrt\Helpers.OpenWrt.csproj", "{D41D2372-E9BF-40AE-B721-563A74BD2AC5}"
EndProject
Project("{9A19103F-16F7-4668-BE54-9A1E7A4F7556}") = "Helpers.Networking.Tests", "Helpers.Networking.Tests\Helpers.Networking.Tests.csproj", "{C5F03C12-0E05-4FA1-BC11-C84F44B6D0D9}"
EndProject
Project("{9A19103F-16F7-4668-BE54-9A1E7A4F7556}") = "Helpers.Networking", "Helpers.Networking\Helpers.Networking.csproj", "{150919E4-EA41-4D59-9C8A-0401470E75EA}"
EndProject
Project("{9A19103F-16F7-4668-BE54-9A1E7A4F7556}") = "Helpers.PhilipsHue.Tests", "Helpers.PhilipsHue.Tests\Helpers.PhilipsHue.Tests.csproj", "{70BC8638-FD7B-47DA-8DC3-37C442ED4D67}"
EndProject
Project("{9A19103F-16F7-4668-BE54-9A1E7A4F7556}") = "Helpers.PhilipsHue", "Helpers.PhilipsHue\Helpers.PhilipsHue.csproj", "{B1A53B4A-82B8-4D0D-932E-D5D54404924F}"
EndProject
Project("{9A19103F-16F7-4668-BE54-9A1E7A4F7556}") = "Helpers.Networking.Models", "Helpers.Networking.Models\Helpers.Networking.Models.csproj", "{B7CEA04F-6034-4ED2-8869-BCE27F0A6FA7}"
EndProject
Project("{9A19103F-16F7-4668-BE54-9A1E7A4F7556}") = "Helpers.Networking.Models.Tests", "Helpers.Networking.Models.Tests\Helpers.Networking.Models.Tests.csproj", "{5F895615-C2D7-4A25-B3AC-2B385BE3D700}"
EndProject
Project("{9A19103F-16F7-4668-BE54-9A1E7A4F7556}") = "Helpers.SSH.Tests", "Helpers.SSH.Tests\Helpers.SSH.Tests.csproj", "{291F5228-B3C8-41B7-AD1F-B2EF4BBBA703}"
EndProject
Project("{9A19103F-16F7-4668-BE54-9A1E7A4F7556}") = "Helpers.SSH", "Helpers.SSH\Helpers.SSH.csproj", "{384FF8F0-5AD5-4015-BF54-BDA287744732}"
EndProject
Project("{9A19103F-16F7-4668-BE54-9A1E7A4F7556}") = "Helpers.Reddit.Tests", "Helpers.Reddit.Tests\Helpers.Reddit.Tests.csproj", "{4DB4793F-7797-4E83-B525-78BA374DEBC8}"
EndProject
Project("{FAE04EC0-301F-11D3-BF4B-00C04F79EFBC}") = "Helpers.Reddit", "Helpers.Reddit\Helpers.Reddit.csproj", "{A48CB3F4-3DC6-437D-A993-AFE148775490}"
EndProject
Project("{FAE04EC0-301F-11D3-BF4B-00C04F79EFBC}") = "Helpers.PeeringDB.Tests", "Helpers.PeeringDB.Tests\Helpers.PeeringDB.Tests.csproj", "{8BF4CBFB-B84D-4886-8A9E-DF3208751E6F}"
EndProject
Project("{9A19103F-16F7-4668-BE54-9A1E7A4F7556}") = "Helpers.Infrared.Tests", "Helpers.Infrared.Tests\Helpers.Infrared.Tests.csproj", "{39E7308D-2E70-47EC-A764-E107D4777CDE}"
EndProject
Project("{9A19103F-16F7-4668-BE54-9A1E7A4F7556}") = "Helpers.Infrared", "Helpers.Infrared\Helpers.Infrared.csproj", "{E8DF3B50-145D-40CB-AC3C-02E3A249477A}"
EndProject
Project("{FAE04EC0-301F-11D3-BF4B-00C04F79EFBC}") = "Helpers.PeeringDB.Tests", "Helpers.PeeringDB.Tests\Helpers.PeeringDB.Tests.csproj", "{8BF4CBFB-B84D-4886-8A9E-DF3208751E6F}"
EndProject
Global
	GlobalSection(SolutionConfigurationPlatforms) = preSolution
		Debug|Any CPU = Debug|Any CPU
		Release|Any CPU = Release|Any CPU
	EndGlobalSection
	GlobalSection(ProjectConfigurationPlatforms) = postSolution
		{0354C000-EB7E-44D9-AE91-D65C9E50E9BD}.Debug|Any CPU.ActiveCfg = Debug|Any CPU
		{0354C000-EB7E-44D9-AE91-D65C9E50E9BD}.Debug|Any CPU.Build.0 = Debug|Any CPU
		{0354C000-EB7E-44D9-AE91-D65C9E50E9BD}.Release|Any CPU.ActiveCfg = Release|Any CPU
		{0354C000-EB7E-44D9-AE91-D65C9E50E9BD}.Release|Any CPU.Build.0 = Release|Any CPU
		{8F08BC08-9057-4C1A-A9A4-F3FF5890DACF}.Debug|Any CPU.ActiveCfg = Debug|Any CPU
		{8F08BC08-9057-4C1A-A9A4-F3FF5890DACF}.Debug|Any CPU.Build.0 = Debug|Any CPU
		{8F08BC08-9057-4C1A-A9A4-F3FF5890DACF}.Release|Any CPU.ActiveCfg = Release|Any CPU
		{8F08BC08-9057-4C1A-A9A4-F3FF5890DACF}.Release|Any CPU.Build.0 = Release|Any CPU
		{97F7D9BB-90BC-45C6-91B7-6EDBB5EE45F6}.Debug|Any CPU.ActiveCfg = Debug|Any CPU
		{97F7D9BB-90BC-45C6-91B7-6EDBB5EE45F6}.Debug|Any CPU.Build.0 = Debug|Any CPU
		{97F7D9BB-90BC-45C6-91B7-6EDBB5EE45F6}.Release|Any CPU.ActiveCfg = Release|Any CPU
		{97F7D9BB-90BC-45C6-91B7-6EDBB5EE45F6}.Release|Any CPU.Build.0 = Release|Any CPU
		{A7E61084-96D0-4487-B706-461AA62A0802}.Debug|Any CPU.ActiveCfg = Debug|Any CPU
		{A7E61084-96D0-4487-B706-461AA62A0802}.Debug|Any CPU.Build.0 = Debug|Any CPU
		{A7E61084-96D0-4487-B706-461AA62A0802}.Release|Any CPU.ActiveCfg = Release|Any CPU
		{A7E61084-96D0-4487-B706-461AA62A0802}.Release|Any CPU.Build.0 = Release|Any CPU
		{8816A994-AA10-4C24-83A4-79C0274FB126}.Debug|Any CPU.ActiveCfg = Debug|Any CPU
		{8816A994-AA10-4C24-83A4-79C0274FB126}.Debug|Any CPU.Build.0 = Debug|Any CPU
		{8816A994-AA10-4C24-83A4-79C0274FB126}.Release|Any CPU.ActiveCfg = Release|Any CPU
		{8816A994-AA10-4C24-83A4-79C0274FB126}.Release|Any CPU.Build.0 = Release|Any CPU
		{8FA2A0BA-1992-48D9-992B-5FF15FE89FCE}.Debug|Any CPU.ActiveCfg = Debug|Any CPU
		{8FA2A0BA-1992-48D9-992B-5FF15FE89FCE}.Debug|Any CPU.Build.0 = Debug|Any CPU
		{8FA2A0BA-1992-48D9-992B-5FF15FE89FCE}.Release|Any CPU.ActiveCfg = Release|Any CPU
		{8FA2A0BA-1992-48D9-992B-5FF15FE89FCE}.Release|Any CPU.Build.0 = Release|Any CPU
		{740D037A-C239-40A5-94A3-C26D1CB24846}.Debug|Any CPU.ActiveCfg = Debug|Any CPU
		{740D037A-C239-40A5-94A3-C26D1CB24846}.Debug|Any CPU.Build.0 = Debug|Any CPU
		{740D037A-C239-40A5-94A3-C26D1CB24846}.Release|Any CPU.ActiveCfg = Release|Any CPU
		{740D037A-C239-40A5-94A3-C26D1CB24846}.Release|Any CPU.Build.0 = Release|Any CPU
		{9E5B17DE-139F-4A90-AD64-5080538411E8}.Debug|Any CPU.ActiveCfg = Debug|Any CPU
		{9E5B17DE-139F-4A90-AD64-5080538411E8}.Debug|Any CPU.Build.0 = Debug|Any CPU
		{9E5B17DE-139F-4A90-AD64-5080538411E8}.Release|Any CPU.ActiveCfg = Release|Any CPU
		{9E5B17DE-139F-4A90-AD64-5080538411E8}.Release|Any CPU.Build.0 = Release|Any CPU
		{E607C8EB-74F2-4593-8E38-214AD8F2FCF7}.Debug|Any CPU.ActiveCfg = Debug|Any CPU
		{E607C8EB-74F2-4593-8E38-214AD8F2FCF7}.Debug|Any CPU.Build.0 = Debug|Any CPU
		{E607C8EB-74F2-4593-8E38-214AD8F2FCF7}.Release|Any CPU.ActiveCfg = Release|Any CPU
		{E607C8EB-74F2-4593-8E38-214AD8F2FCF7}.Release|Any CPU.Build.0 = Release|Any CPU
		{2CC2EE7D-3137-4F96-A378-5F1D0158C800}.Debug|Any CPU.ActiveCfg = Debug|Any CPU
		{2CC2EE7D-3137-4F96-A378-5F1D0158C800}.Debug|Any CPU.Build.0 = Debug|Any CPU
		{2CC2EE7D-3137-4F96-A378-5F1D0158C800}.Release|Any CPU.ActiveCfg = Release|Any CPU
		{2CC2EE7D-3137-4F96-A378-5F1D0158C800}.Release|Any CPU.Build.0 = Release|Any CPU
		{CFE5ABEE-6702-4691-8CCF-EE611CC18ADD}.Debug|Any CPU.ActiveCfg = Debug|Any CPU
		{CFE5ABEE-6702-4691-8CCF-EE611CC18ADD}.Debug|Any CPU.Build.0 = Debug|Any CPU
		{CFE5ABEE-6702-4691-8CCF-EE611CC18ADD}.Release|Any CPU.ActiveCfg = Release|Any CPU
		{CFE5ABEE-6702-4691-8CCF-EE611CC18ADD}.Release|Any CPU.Build.0 = Release|Any CPU
		{8183AAC6-060B-4D04-83CF-04EB3EAAA654}.Debug|Any CPU.ActiveCfg = Debug|Any CPU
		{8183AAC6-060B-4D04-83CF-04EB3EAAA654}.Debug|Any CPU.Build.0 = Debug|Any CPU
		{8183AAC6-060B-4D04-83CF-04EB3EAAA654}.Release|Any CPU.ActiveCfg = Release|Any CPU
		{8183AAC6-060B-4D04-83CF-04EB3EAAA654}.Release|Any CPU.Build.0 = Release|Any CPU
		{A5979DA6-C309-4F0F-982A-011AF4030C37}.Debug|Any CPU.ActiveCfg = Debug|Any CPU
		{A5979DA6-C309-4F0F-982A-011AF4030C37}.Debug|Any CPU.Build.0 = Debug|Any CPU
		{A5979DA6-C309-4F0F-982A-011AF4030C37}.Release|Any CPU.ActiveCfg = Release|Any CPU
		{A5979DA6-C309-4F0F-982A-011AF4030C37}.Release|Any CPU.Build.0 = Release|Any CPU
		{7A17D029-69F9-457E-B6D2-79DB9850AD08}.Debug|Any CPU.ActiveCfg = Debug|Any CPU
		{7A17D029-69F9-457E-B6D2-79DB9850AD08}.Debug|Any CPU.Build.0 = Debug|Any CPU
		{7A17D029-69F9-457E-B6D2-79DB9850AD08}.Release|Any CPU.ActiveCfg = Release|Any CPU
		{7A17D029-69F9-457E-B6D2-79DB9850AD08}.Release|Any CPU.Build.0 = Release|Any CPU
		{4C8860A4-E18B-4817-9273-8E385DF1F1FB}.Debug|Any CPU.ActiveCfg = Debug|Any CPU
		{4C8860A4-E18B-4817-9273-8E385DF1F1FB}.Debug|Any CPU.Build.0 = Debug|Any CPU
		{4C8860A4-E18B-4817-9273-8E385DF1F1FB}.Release|Any CPU.ActiveCfg = Release|Any CPU
		{4C8860A4-E18B-4817-9273-8E385DF1F1FB}.Release|Any CPU.Build.0 = Release|Any CPU
		{0D9D48E2-B082-49D3-8093-3003CEA70BEE}.Debug|Any CPU.ActiveCfg = Debug|Any CPU
		{0D9D48E2-B082-49D3-8093-3003CEA70BEE}.Debug|Any CPU.Build.0 = Debug|Any CPU
		{0D9D48E2-B082-49D3-8093-3003CEA70BEE}.Release|Any CPU.ActiveCfg = Release|Any CPU
		{0D9D48E2-B082-49D3-8093-3003CEA70BEE}.Release|Any CPU.Build.0 = Release|Any CPU
		{2A884D61-1062-4EAD-8F48-9DDB063C23B5}.Debug|Any CPU.ActiveCfg = Debug|Any CPU
		{2A884D61-1062-4EAD-8F48-9DDB063C23B5}.Debug|Any CPU.Build.0 = Debug|Any CPU
		{2A884D61-1062-4EAD-8F48-9DDB063C23B5}.Release|Any CPU.ActiveCfg = Release|Any CPU
		{2A884D61-1062-4EAD-8F48-9DDB063C23B5}.Release|Any CPU.Build.0 = Release|Any CPU
		{7327A635-67DF-42A6-BDFF-8E44BD34A0E7}.Debug|Any CPU.ActiveCfg = Debug|Any CPU
		{7327A635-67DF-42A6-BDFF-8E44BD34A0E7}.Debug|Any CPU.Build.0 = Debug|Any CPU
		{7327A635-67DF-42A6-BDFF-8E44BD34A0E7}.Release|Any CPU.ActiveCfg = Release|Any CPU
		{7327A635-67DF-42A6-BDFF-8E44BD34A0E7}.Release|Any CPU.Build.0 = Release|Any CPU
		{1A645B28-E72F-4FB5-96A3-85D3DC50855E}.Debug|Any CPU.ActiveCfg = Debug|Any CPU
		{1A645B28-E72F-4FB5-96A3-85D3DC50855E}.Debug|Any CPU.Build.0 = Debug|Any CPU
		{1A645B28-E72F-4FB5-96A3-85D3DC50855E}.Release|Any CPU.ActiveCfg = Release|Any CPU
		{1A645B28-E72F-4FB5-96A3-85D3DC50855E}.Release|Any CPU.Build.0 = Release|Any CPU
		{4111C45E-FB6E-4FA9-98D6-6C01F85F5C6C}.Debug|Any CPU.ActiveCfg = Debug|Any CPU
		{4111C45E-FB6E-4FA9-98D6-6C01F85F5C6C}.Debug|Any CPU.Build.0 = Debug|Any CPU
		{4111C45E-FB6E-4FA9-98D6-6C01F85F5C6C}.Release|Any CPU.ActiveCfg = Release|Any CPU
		{4111C45E-FB6E-4FA9-98D6-6C01F85F5C6C}.Release|Any CPU.Build.0 = Release|Any CPU
		{6959153E-B453-42B3-B162-A866D27A2916}.Debug|Any CPU.ActiveCfg = Debug|Any CPU
		{6959153E-B453-42B3-B162-A866D27A2916}.Debug|Any CPU.Build.0 = Debug|Any CPU
		{6959153E-B453-42B3-B162-A866D27A2916}.Release|Any CPU.ActiveCfg = Release|Any CPU
		{6959153E-B453-42B3-B162-A866D27A2916}.Release|Any CPU.Build.0 = Release|Any CPU
		{41CC5275-B365-4203-8A29-79ED5FC287FB}.Debug|Any CPU.ActiveCfg = Debug|Any CPU
		{41CC5275-B365-4203-8A29-79ED5FC287FB}.Debug|Any CPU.Build.0 = Debug|Any CPU
		{41CC5275-B365-4203-8A29-79ED5FC287FB}.Release|Any CPU.ActiveCfg = Release|Any CPU
		{41CC5275-B365-4203-8A29-79ED5FC287FB}.Release|Any CPU.Build.0 = Release|Any CPU
		{E96ED8DB-BEE8-4526-A2A9-5F0B7D843C00}.Debug|Any CPU.ActiveCfg = Debug|Any CPU
		{E96ED8DB-BEE8-4526-A2A9-5F0B7D843C00}.Debug|Any CPU.Build.0 = Debug|Any CPU
		{E96ED8DB-BEE8-4526-A2A9-5F0B7D843C00}.Release|Any CPU.ActiveCfg = Release|Any CPU
		{E96ED8DB-BEE8-4526-A2A9-5F0B7D843C00}.Release|Any CPU.Build.0 = Release|Any CPU
		{80ECBFEA-2733-4201-956E-4B60A638C06C}.Debug|Any CPU.ActiveCfg = Debug|Any CPU
		{80ECBFEA-2733-4201-956E-4B60A638C06C}.Debug|Any CPU.Build.0 = Debug|Any CPU
		{80ECBFEA-2733-4201-956E-4B60A638C06C}.Release|Any CPU.ActiveCfg = Release|Any CPU
		{80ECBFEA-2733-4201-956E-4B60A638C06C}.Release|Any CPU.Build.0 = Release|Any CPU
		{748C7556-5F53-44D9-AD47-1F2EF096EAB5}.Debug|Any CPU.ActiveCfg = Debug|Any CPU
		{748C7556-5F53-44D9-AD47-1F2EF096EAB5}.Debug|Any CPU.Build.0 = Debug|Any CPU
		{748C7556-5F53-44D9-AD47-1F2EF096EAB5}.Release|Any CPU.ActiveCfg = Release|Any CPU
		{748C7556-5F53-44D9-AD47-1F2EF096EAB5}.Release|Any CPU.Build.0 = Release|Any CPU
		{521087C9-E802-4766-835E-BD7CEB60B871}.Debug|Any CPU.ActiveCfg = Debug|Any CPU
		{521087C9-E802-4766-835E-BD7CEB60B871}.Debug|Any CPU.Build.0 = Debug|Any CPU
		{521087C9-E802-4766-835E-BD7CEB60B871}.Release|Any CPU.ActiveCfg = Release|Any CPU
		{521087C9-E802-4766-835E-BD7CEB60B871}.Release|Any CPU.Build.0 = Release|Any CPU
		{142088D8-36F9-40AB-B562-90A5EDF4FE35}.Debug|Any CPU.ActiveCfg = Debug|Any CPU
		{142088D8-36F9-40AB-B562-90A5EDF4FE35}.Debug|Any CPU.Build.0 = Debug|Any CPU
		{142088D8-36F9-40AB-B562-90A5EDF4FE35}.Release|Any CPU.ActiveCfg = Release|Any CPU
		{142088D8-36F9-40AB-B562-90A5EDF4FE35}.Release|Any CPU.Build.0 = Release|Any CPU
		{C3156A8B-7AFB-4B13-AD44-03A175CD5FAB}.Debug|Any CPU.ActiveCfg = Debug|Any CPU
		{C3156A8B-7AFB-4B13-AD44-03A175CD5FAB}.Debug|Any CPU.Build.0 = Debug|Any CPU
		{C3156A8B-7AFB-4B13-AD44-03A175CD5FAB}.Release|Any CPU.ActiveCfg = Release|Any CPU
		{C3156A8B-7AFB-4B13-AD44-03A175CD5FAB}.Release|Any CPU.Build.0 = Release|Any CPU
		{2EB547C8-F594-4D58-84A3-EB73671571A2}.Debug|Any CPU.ActiveCfg = Debug|Any CPU
		{2EB547C8-F594-4D58-84A3-EB73671571A2}.Debug|Any CPU.Build.0 = Debug|Any CPU
		{2EB547C8-F594-4D58-84A3-EB73671571A2}.Release|Any CPU.ActiveCfg = Release|Any CPU
		{2EB547C8-F594-4D58-84A3-EB73671571A2}.Release|Any CPU.Build.0 = Release|Any CPU
		{3574CBE5-E40B-4C01-B902-3F62CAAA47B2}.Debug|Any CPU.ActiveCfg = Debug|Any CPU
		{3574CBE5-E40B-4C01-B902-3F62CAAA47B2}.Debug|Any CPU.Build.0 = Debug|Any CPU
		{3574CBE5-E40B-4C01-B902-3F62CAAA47B2}.Release|Any CPU.ActiveCfg = Release|Any CPU
		{3574CBE5-E40B-4C01-B902-3F62CAAA47B2}.Release|Any CPU.Build.0 = Release|Any CPU
		{03E83938-5DBF-474F-AA96-F42535F5095D}.Debug|Any CPU.ActiveCfg = Debug|Any CPU
		{03E83938-5DBF-474F-AA96-F42535F5095D}.Debug|Any CPU.Build.0 = Debug|Any CPU
		{03E83938-5DBF-474F-AA96-F42535F5095D}.Release|Any CPU.ActiveCfg = Release|Any CPU
		{03E83938-5DBF-474F-AA96-F42535F5095D}.Release|Any CPU.Build.0 = Release|Any CPU
		{0C1C99CF-52CB-4F7B-8ACA-44CCA910E993}.Debug|Any CPU.ActiveCfg = Debug|Any CPU
		{0C1C99CF-52CB-4F7B-8ACA-44CCA910E993}.Debug|Any CPU.Build.0 = Debug|Any CPU
		{0C1C99CF-52CB-4F7B-8ACA-44CCA910E993}.Release|Any CPU.ActiveCfg = Release|Any CPU
		{0C1C99CF-52CB-4F7B-8ACA-44CCA910E993}.Release|Any CPU.Build.0 = Release|Any CPU
		{39803DE4-E27F-46B7-BE76-74CC2B8063C4}.Debug|Any CPU.ActiveCfg = Debug|Any CPU
		{39803DE4-E27F-46B7-BE76-74CC2B8063C4}.Debug|Any CPU.Build.0 = Debug|Any CPU
		{39803DE4-E27F-46B7-BE76-74CC2B8063C4}.Release|Any CPU.ActiveCfg = Release|Any CPU
		{39803DE4-E27F-46B7-BE76-74CC2B8063C4}.Release|Any CPU.Build.0 = Release|Any CPU
		{C12E3E62-46F2-412A-9592-524816ABA302}.Debug|Any CPU.ActiveCfg = Debug|Any CPU
		{C12E3E62-46F2-412A-9592-524816ABA302}.Debug|Any CPU.Build.0 = Debug|Any CPU
		{C12E3E62-46F2-412A-9592-524816ABA302}.Release|Any CPU.ActiveCfg = Release|Any CPU
		{C12E3E62-46F2-412A-9592-524816ABA302}.Release|Any CPU.Build.0 = Release|Any CPU
		{7B00A21B-CBFB-42D8-A1C9-4DD0FFB9784E}.Debug|Any CPU.ActiveCfg = Debug|Any CPU
		{7B00A21B-CBFB-42D8-A1C9-4DD0FFB9784E}.Debug|Any CPU.Build.0 = Debug|Any CPU
		{7B00A21B-CBFB-42D8-A1C9-4DD0FFB9784E}.Release|Any CPU.ActiveCfg = Release|Any CPU
		{7B00A21B-CBFB-42D8-A1C9-4DD0FFB9784E}.Release|Any CPU.Build.0 = Release|Any CPU
		{485862B5-3FF9-40F3-B5F6-1A24F698637A}.Debug|Any CPU.ActiveCfg = Debug|Any CPU
		{485862B5-3FF9-40F3-B5F6-1A24F698637A}.Debug|Any CPU.Build.0 = Debug|Any CPU
		{485862B5-3FF9-40F3-B5F6-1A24F698637A}.Release|Any CPU.ActiveCfg = Release|Any CPU
		{485862B5-3FF9-40F3-B5F6-1A24F698637A}.Release|Any CPU.Build.0 = Release|Any CPU
		{FC7877AD-51A3-47A6-9591-E9F937604E3F}.Debug|Any CPU.ActiveCfg = Debug|Any CPU
		{FC7877AD-51A3-47A6-9591-E9F937604E3F}.Debug|Any CPU.Build.0 = Debug|Any CPU
		{FC7877AD-51A3-47A6-9591-E9F937604E3F}.Release|Any CPU.ActiveCfg = Release|Any CPU
		{FC7877AD-51A3-47A6-9591-E9F937604E3F}.Release|Any CPU.Build.0 = Release|Any CPU
		{7800CE92-460A-42BA-815F-D8E6DAC04BFE}.Debug|Any CPU.ActiveCfg = Debug|Any CPU
		{7800CE92-460A-42BA-815F-D8E6DAC04BFE}.Debug|Any CPU.Build.0 = Debug|Any CPU
		{7800CE92-460A-42BA-815F-D8E6DAC04BFE}.Release|Any CPU.ActiveCfg = Release|Any CPU
		{7800CE92-460A-42BA-815F-D8E6DAC04BFE}.Release|Any CPU.Build.0 = Release|Any CPU
		{C071D73D-5A0E-497B-B5E7-2F816BB7C074}.Debug|Any CPU.ActiveCfg = Debug|Any CPU
		{C071D73D-5A0E-497B-B5E7-2F816BB7C074}.Debug|Any CPU.Build.0 = Debug|Any CPU
		{C071D73D-5A0E-497B-B5E7-2F816BB7C074}.Release|Any CPU.ActiveCfg = Release|Any CPU
		{C071D73D-5A0E-497B-B5E7-2F816BB7C074}.Release|Any CPU.Build.0 = Release|Any CPU
		{32CC73C3-8195-4FC6-8EFB-84C195E6E22B}.Debug|Any CPU.ActiveCfg = Debug|Any CPU
		{32CC73C3-8195-4FC6-8EFB-84C195E6E22B}.Debug|Any CPU.Build.0 = Debug|Any CPU
		{32CC73C3-8195-4FC6-8EFB-84C195E6E22B}.Release|Any CPU.ActiveCfg = Release|Any CPU
		{32CC73C3-8195-4FC6-8EFB-84C195E6E22B}.Release|Any CPU.Build.0 = Release|Any CPU
		{673963F0-2942-4926-A67C-251C1EA00E79}.Debug|Any CPU.ActiveCfg = Debug|Any CPU
		{673963F0-2942-4926-A67C-251C1EA00E79}.Debug|Any CPU.Build.0 = Debug|Any CPU
		{673963F0-2942-4926-A67C-251C1EA00E79}.Release|Any CPU.ActiveCfg = Release|Any CPU
		{673963F0-2942-4926-A67C-251C1EA00E79}.Release|Any CPU.Build.0 = Release|Any CPU
		{4CE492E2-780C-45B6-BEFC-CBBA7873683E}.Debug|Any CPU.ActiveCfg = Debug|Any CPU
		{4CE492E2-780C-45B6-BEFC-CBBA7873683E}.Debug|Any CPU.Build.0 = Debug|Any CPU
		{4CE492E2-780C-45B6-BEFC-CBBA7873683E}.Release|Any CPU.ActiveCfg = Release|Any CPU
		{4CE492E2-780C-45B6-BEFC-CBBA7873683E}.Release|Any CPU.Build.0 = Release|Any CPU
		{08123BE3-2636-4BE5-A6D2-EC6C471EBE2D}.Debug|Any CPU.ActiveCfg = Debug|Any CPU
		{08123BE3-2636-4BE5-A6D2-EC6C471EBE2D}.Debug|Any CPU.Build.0 = Debug|Any CPU
		{08123BE3-2636-4BE5-A6D2-EC6C471EBE2D}.Release|Any CPU.ActiveCfg = Release|Any CPU
		{08123BE3-2636-4BE5-A6D2-EC6C471EBE2D}.Release|Any CPU.Build.0 = Release|Any CPU
		{03AF37DE-A955-4BDB-8CC4-8566A28694E1}.Debug|Any CPU.ActiveCfg = Debug|Any CPU
		{03AF37DE-A955-4BDB-8CC4-8566A28694E1}.Debug|Any CPU.Build.0 = Debug|Any CPU
		{03AF37DE-A955-4BDB-8CC4-8566A28694E1}.Release|Any CPU.ActiveCfg = Release|Any CPU
		{03AF37DE-A955-4BDB-8CC4-8566A28694E1}.Release|Any CPU.Build.0 = Release|Any CPU
		{3AF45F34-B75D-412A-A7EF-750444AD58BD}.Debug|Any CPU.ActiveCfg = Debug|Any CPU
		{3AF45F34-B75D-412A-A7EF-750444AD58BD}.Debug|Any CPU.Build.0 = Debug|Any CPU
		{3AF45F34-B75D-412A-A7EF-750444AD58BD}.Release|Any CPU.ActiveCfg = Release|Any CPU
		{3AF45F34-B75D-412A-A7EF-750444AD58BD}.Release|Any CPU.Build.0 = Release|Any CPU
		{76750C4D-482F-4A63-A492-0D65E7B031B6}.Debug|Any CPU.ActiveCfg = Debug|Any CPU
		{76750C4D-482F-4A63-A492-0D65E7B031B6}.Debug|Any CPU.Build.0 = Debug|Any CPU
		{76750C4D-482F-4A63-A492-0D65E7B031B6}.Release|Any CPU.ActiveCfg = Release|Any CPU
		{76750C4D-482F-4A63-A492-0D65E7B031B6}.Release|Any CPU.Build.0 = Release|Any CPU
		{2B26D47D-D973-47FB-BB78-7EADC0DE9256}.Debug|Any CPU.ActiveCfg = Debug|Any CPU
		{2B26D47D-D973-47FB-BB78-7EADC0DE9256}.Debug|Any CPU.Build.0 = Debug|Any CPU
		{2B26D47D-D973-47FB-BB78-7EADC0DE9256}.Release|Any CPU.ActiveCfg = Release|Any CPU
		{2B26D47D-D973-47FB-BB78-7EADC0DE9256}.Release|Any CPU.Build.0 = Release|Any CPU
		{82932971-5DB0-413E-BA6C-C46BD248F9C5}.Debug|Any CPU.ActiveCfg = Debug|Any CPU
		{82932971-5DB0-413E-BA6C-C46BD248F9C5}.Debug|Any CPU.Build.0 = Debug|Any CPU
		{82932971-5DB0-413E-BA6C-C46BD248F9C5}.Release|Any CPU.ActiveCfg = Release|Any CPU
		{82932971-5DB0-413E-BA6C-C46BD248F9C5}.Release|Any CPU.Build.0 = Release|Any CPU
		{C7BF6C1A-D77D-4BDC-B928-E9DA9D7AB9C7}.Debug|Any CPU.ActiveCfg = Debug|Any CPU
		{C7BF6C1A-D77D-4BDC-B928-E9DA9D7AB9C7}.Debug|Any CPU.Build.0 = Debug|Any CPU
		{C7BF6C1A-D77D-4BDC-B928-E9DA9D7AB9C7}.Release|Any CPU.ActiveCfg = Release|Any CPU
		{C7BF6C1A-D77D-4BDC-B928-E9DA9D7AB9C7}.Release|Any CPU.Build.0 = Release|Any CPU
		{3A81070D-3C3A-46C1-AAD2-11DA0FCF5C47}.Debug|Any CPU.ActiveCfg = Debug|Any CPU
		{3A81070D-3C3A-46C1-AAD2-11DA0FCF5C47}.Debug|Any CPU.Build.0 = Debug|Any CPU
		{3A81070D-3C3A-46C1-AAD2-11DA0FCF5C47}.Release|Any CPU.ActiveCfg = Release|Any CPU
		{3A81070D-3C3A-46C1-AAD2-11DA0FCF5C47}.Release|Any CPU.Build.0 = Release|Any CPU
		{9FDDCAC7-9FFF-439B-B4E0-C8235BA8B638}.Debug|Any CPU.ActiveCfg = Debug|Any CPU
		{9FDDCAC7-9FFF-439B-B4E0-C8235BA8B638}.Debug|Any CPU.Build.0 = Debug|Any CPU
		{9FDDCAC7-9FFF-439B-B4E0-C8235BA8B638}.Release|Any CPU.ActiveCfg = Release|Any CPU
		{9FDDCAC7-9FFF-439B-B4E0-C8235BA8B638}.Release|Any CPU.Build.0 = Release|Any CPU
		{29D7DFC5-8F1D-4C69-855C-59F75DD99D70}.Debug|Any CPU.ActiveCfg = Debug|Any CPU
		{29D7DFC5-8F1D-4C69-855C-59F75DD99D70}.Debug|Any CPU.Build.0 = Debug|Any CPU
		{29D7DFC5-8F1D-4C69-855C-59F75DD99D70}.Release|Any CPU.ActiveCfg = Release|Any CPU
		{29D7DFC5-8F1D-4C69-855C-59F75DD99D70}.Release|Any CPU.Build.0 = Release|Any CPU
		{6B21C6C7-61BF-47B1-93CF-1E90AA48018D}.Debug|Any CPU.ActiveCfg = Debug|Any CPU
		{6B21C6C7-61BF-47B1-93CF-1E90AA48018D}.Debug|Any CPU.Build.0 = Debug|Any CPU
		{6B21C6C7-61BF-47B1-93CF-1E90AA48018D}.Release|Any CPU.ActiveCfg = Release|Any CPU
		{6B21C6C7-61BF-47B1-93CF-1E90AA48018D}.Release|Any CPU.Build.0 = Release|Any CPU
		{D41D2372-E9BF-40AE-B721-563A74BD2AC5}.Debug|Any CPU.ActiveCfg = Debug|Any CPU
		{D41D2372-E9BF-40AE-B721-563A74BD2AC5}.Debug|Any CPU.Build.0 = Debug|Any CPU
		{D41D2372-E9BF-40AE-B721-563A74BD2AC5}.Release|Any CPU.ActiveCfg = Release|Any CPU
		{D41D2372-E9BF-40AE-B721-563A74BD2AC5}.Release|Any CPU.Build.0 = Release|Any CPU
		{C5F03C12-0E05-4FA1-BC11-C84F44B6D0D9}.Debug|Any CPU.ActiveCfg = Debug|Any CPU
		{C5F03C12-0E05-4FA1-BC11-C84F44B6D0D9}.Debug|Any CPU.Build.0 = Debug|Any CPU
		{C5F03C12-0E05-4FA1-BC11-C84F44B6D0D9}.Release|Any CPU.ActiveCfg = Release|Any CPU
		{C5F03C12-0E05-4FA1-BC11-C84F44B6D0D9}.Release|Any CPU.Build.0 = Release|Any CPU
		{150919E4-EA41-4D59-9C8A-0401470E75EA}.Debug|Any CPU.ActiveCfg = Debug|Any CPU
		{150919E4-EA41-4D59-9C8A-0401470E75EA}.Debug|Any CPU.Build.0 = Debug|Any CPU
		{150919E4-EA41-4D59-9C8A-0401470E75EA}.Release|Any CPU.ActiveCfg = Release|Any CPU
		{150919E4-EA41-4D59-9C8A-0401470E75EA}.Release|Any CPU.Build.0 = Release|Any CPU
		{70BC8638-FD7B-47DA-8DC3-37C442ED4D67}.Debug|Any CPU.ActiveCfg = Debug|Any CPU
		{70BC8638-FD7B-47DA-8DC3-37C442ED4D67}.Debug|Any CPU.Build.0 = Debug|Any CPU
		{70BC8638-FD7B-47DA-8DC3-37C442ED4D67}.Release|Any CPU.ActiveCfg = Release|Any CPU
		{70BC8638-FD7B-47DA-8DC3-37C442ED4D67}.Release|Any CPU.Build.0 = Release|Any CPU
		{B1A53B4A-82B8-4D0D-932E-D5D54404924F}.Debug|Any CPU.ActiveCfg = Debug|Any CPU
		{B1A53B4A-82B8-4D0D-932E-D5D54404924F}.Debug|Any CPU.Build.0 = Debug|Any CPU
		{B1A53B4A-82B8-4D0D-932E-D5D54404924F}.Release|Any CPU.ActiveCfg = Release|Any CPU
		{B1A53B4A-82B8-4D0D-932E-D5D54404924F}.Release|Any CPU.Build.0 = Release|Any CPU
		{B7CEA04F-6034-4ED2-8869-BCE27F0A6FA7}.Debug|Any CPU.ActiveCfg = Debug|Any CPU
		{B7CEA04F-6034-4ED2-8869-BCE27F0A6FA7}.Debug|Any CPU.Build.0 = Debug|Any CPU
		{B7CEA04F-6034-4ED2-8869-BCE27F0A6FA7}.Release|Any CPU.ActiveCfg = Release|Any CPU
		{B7CEA04F-6034-4ED2-8869-BCE27F0A6FA7}.Release|Any CPU.Build.0 = Release|Any CPU
		{5F895615-C2D7-4A25-B3AC-2B385BE3D700}.Debug|Any CPU.ActiveCfg = Debug|Any CPU
		{5F895615-C2D7-4A25-B3AC-2B385BE3D700}.Debug|Any CPU.Build.0 = Debug|Any CPU
		{5F895615-C2D7-4A25-B3AC-2B385BE3D700}.Release|Any CPU.ActiveCfg = Release|Any CPU
		{5F895615-C2D7-4A25-B3AC-2B385BE3D700}.Release|Any CPU.Build.0 = Release|Any CPU
		{291F5228-B3C8-41B7-AD1F-B2EF4BBBA703}.Debug|Any CPU.ActiveCfg = Debug|Any CPU
		{291F5228-B3C8-41B7-AD1F-B2EF4BBBA703}.Debug|Any CPU.Build.0 = Debug|Any CPU
		{291F5228-B3C8-41B7-AD1F-B2EF4BBBA703}.Release|Any CPU.ActiveCfg = Release|Any CPU
		{291F5228-B3C8-41B7-AD1F-B2EF4BBBA703}.Release|Any CPU.Build.0 = Release|Any CPU
		{384FF8F0-5AD5-4015-BF54-BDA287744732}.Debug|Any CPU.ActiveCfg = Debug|Any CPU
		{384FF8F0-5AD5-4015-BF54-BDA287744732}.Debug|Any CPU.Build.0 = Debug|Any CPU
		{384FF8F0-5AD5-4015-BF54-BDA287744732}.Release|Any CPU.ActiveCfg = Release|Any CPU
		{384FF8F0-5AD5-4015-BF54-BDA287744732}.Release|Any CPU.Build.0 = Release|Any CPU
		{4DB4793F-7797-4E83-B525-78BA374DEBC8}.Debug|Any CPU.ActiveCfg = Debug|Any CPU
		{4DB4793F-7797-4E83-B525-78BA374DEBC8}.Debug|Any CPU.Build.0 = Debug|Any CPU
		{4DB4793F-7797-4E83-B525-78BA374DEBC8}.Release|Any CPU.ActiveCfg = Release|Any CPU
		{4DB4793F-7797-4E83-B525-78BA374DEBC8}.Release|Any CPU.Build.0 = Release|Any CPU
		{A48CB3F4-3DC6-437D-A993-AFE148775490}.Debug|Any CPU.ActiveCfg = Debug|Any CPU
		{A48CB3F4-3DC6-437D-A993-AFE148775490}.Debug|Any CPU.Build.0 = Debug|Any CPU
		{A48CB3F4-3DC6-437D-A993-AFE148775490}.Release|Any CPU.ActiveCfg = Release|Any CPU
		{A48CB3F4-3DC6-437D-A993-AFE148775490}.Release|Any CPU.Build.0 = Release|Any CPU
		{39E7308D-2E70-47EC-A764-E107D4777CDE}.Debug|Any CPU.ActiveCfg = Debug|Any CPU
		{39E7308D-2E70-47EC-A764-E107D4777CDE}.Debug|Any CPU.Build.0 = Debug|Any CPU
		{39E7308D-2E70-47EC-A764-E107D4777CDE}.Release|Any CPU.ActiveCfg = Release|Any CPU
		{39E7308D-2E70-47EC-A764-E107D4777CDE}.Release|Any CPU.Build.0 = Release|Any CPU
		{E8DF3B50-145D-40CB-AC3C-02E3A249477A}.Debug|Any CPU.ActiveCfg = Debug|Any CPU
		{E8DF3B50-145D-40CB-AC3C-02E3A249477A}.Debug|Any CPU.Build.0 = Debug|Any CPU
		{E8DF3B50-145D-40CB-AC3C-02E3A249477A}.Release|Any CPU.ActiveCfg = Release|Any CPU
		{E8DF3B50-145D-40CB-AC3C-02E3A249477A}.Release|Any CPU.Build.0 = Release|Any CPU
		{8BF4CBFB-B84D-4886-8A9E-DF3208751E6F}.Debug|Any CPU.ActiveCfg = Debug|Any CPU
		{8BF4CBFB-B84D-4886-8A9E-DF3208751E6F}.Debug|Any CPU.Build.0 = Debug|Any CPU
		{8BF4CBFB-B84D-4886-8A9E-DF3208751E6F}.Release|Any CPU.ActiveCfg = Release|Any CPU
		{8BF4CBFB-B84D-4886-8A9E-DF3208751E6F}.Release|Any CPU.Build.0 = Release|Any CPU
	EndGlobalSection
	GlobalSection(SolutionProperties) = preSolution
		HideSolutionNode = FALSE
	EndGlobalSection
	GlobalSection(ExtensibilityGlobals) = postSolution
		SolutionGuid = {07BE9C58-15CF-44AE-9052-C089022CCD70}
	EndGlobalSection
EndGlobal
